// !$*UTF8*$!
{
	archiveVersion = 1;
	classes = {
	};
	objectVersion = 46;
	objects = {

/* Begin PBXBuildFile section */
		110D424D1BCF54CA00081824 /* MLClickColorLinkLabel.m in Sources */ = {isa = PBXBuildFile; fileRef = 110D424C1BCF54CA00081824 /* MLClickColorLinkLabel.m */; };
		1173E4F31C71813E004C9979 /* Camera@2x.png in Resources */ = {isa = PBXBuildFile; fileRef = 1173E4F11C71813E004C9979 /* Camera@2x.png */; };
		1173E4F41C71813E004C9979 /* Camera@3x.png in Resources */ = {isa = PBXBuildFile; fileRef = 1173E4F21C71813E004C9979 /* Camera@3x.png */; };
		1173E4F71C71834D004C9979 /* UserViewController.m in Sources */ = {isa = PBXBuildFile; fileRef = 1173E4F61C71834D004C9979 /* UserViewController.m */; };
		1173E5201C71B239004C9979 /* DFImagesSendViewController.m in Sources */ = {isa = PBXBuildFile; fileRef = 1173E51F1C71B239004C9979 /* DFImagesSendViewController.m */; };
		1173E5231C71BAF0004C9979 /* DFPlainGridImageView.m in Sources */ = {isa = PBXBuildFile; fileRef = 1173E5221C71BAF0004C9979 /* DFPlainGridImageView.m */; };
		1173E5251C71BF63004C9979 /* AlbumAddBtn@2x.png in Resources */ = {isa = PBXBuildFile; fileRef = 1173E5241C71BF63004C9979 /* AlbumAddBtn@2x.png */; };
		1173E5351C720F7C004C9979 /* DFVideoLineCell.m in Sources */ = {isa = PBXBuildFile; fileRef = 1173E5341C720F7C004C9979 /* DFVideoLineCell.m */; };
		1173E53B1C7210EA004C9979 /* DFVideoLineItem.m in Sources */ = {isa = PBXBuildFile; fileRef = 1173E53A1C7210EA004C9979 /* DFVideoLineItem.m */; };
		1173E5661C72CEAE004C9979 /* DFUserTimeLineViewController.m in Sources */ = {isa = PBXBuildFile; fileRef = 1173E5581C72CEAD004C9979 /* DFUserTimeLineViewController.m */; };
		1173E5671C72CEAE004C9979 /* DFBaseUserLineItem.m in Sources */ = {isa = PBXBuildFile; fileRef = 1173E55B1C72CEAD004C9979 /* DFBaseUserLineItem.m */; };
		1173E5681C72CEAE004C9979 /* DFTextImageUserLineItem.m in Sources */ = {isa = PBXBuildFile; fileRef = 1173E55D1C72CEAD004C9979 /* DFTextImageUserLineItem.m */; };
		1173E5691C72CEAE004C9979 /* DFBaseUserLineCell.m in Sources */ = {isa = PBXBuildFile; fileRef = 1173E5601C72CEAD004C9979 /* DFBaseUserLineCell.m */; };
		1173E56A1C72CEAE004C9979 /* DFTextImageUserLineCell.m in Sources */ = {isa = PBXBuildFile; fileRef = 1173E5621C72CEAD004C9979 /* DFTextImageUserLineCell.m */; };
		1173E56D1C72F0B6004C9979 /* DFLineCellManager.m in Sources */ = {isa = PBXBuildFile; fileRef = 1173E56C1C72F0B6004C9979 /* DFLineCellManager.m */; };
		1173E5701C72F451004C9979 /* DFUserLineCellManager.m in Sources */ = {isa = PBXBuildFile; fileRef = 1173E56F1C72F451004C9979 /* DFUserLineCellManager.m */; };
		11D758261BB7D43B00F554D7 /* main.m in Sources */ = {isa = PBXBuildFile; fileRef = 11D758251BB7D43B00F554D7 /* main.m */; };
		11D758291BB7D43B00F554D7 /* AppDelegate.m in Sources */ = {isa = PBXBuildFile; fileRef = 11D758281BB7D43B00F554D7 /* AppDelegate.m */; };
		11D7582C1BB7D43B00F554D7 /* ViewController.m in Sources */ = {isa = PBXBuildFile; fileRef = 11D7582B1BB7D43B00F554D7 /* ViewController.m */; };
		11D758311BB7D43B00F554D7 /* Images.xcassets in Resources */ = {isa = PBXBuildFile; fileRef = 11D758301BB7D43B00F554D7 /* Images.xcassets */; };
		11D7584D1BB7D66300F554D7 /* DFBaseLineItem.m in Sources */ = {isa = PBXBuildFile; fileRef = 11D7584C1BB7D66300F554D7 /* DFBaseLineItem.m */; };
		11D758521BB7D85D00F554D7 /* DFBaseLineCell.m in Sources */ = {isa = PBXBuildFile; fileRef = 11D758511BB7D85D00F554D7 /* DFBaseLineCell.m */; };
		11D758571BB7DACC00F554D7 /* DFTimeLineViewController.m in Sources */ = {isa = PBXBuildFile; fileRef = 11D758561BB7DACC00F554D7 /* DFTimeLineViewController.m */; };
		11D758601BB7DCF700F554D7 /* DFTextImageLineCell.m in Sources */ = {isa = PBXBuildFile; fileRef = 11D7585F1BB7DCF700F554D7 /* DFTextImageLineCell.m */; };
		11D758661BB7E12800F554D7 /* DFTextImageLineItem.m in Sources */ = {isa = PBXBuildFile; fileRef = 11D758651BB7E12800F554D7 /* DFTextImageLineItem.m */; };
		11D758C71BB8216C00F554D7 /* DFGridImageView.m in Sources */ = {isa = PBXBuildFile; fileRef = 11D758C61BB8216C00F554D7 /* DFGridImageView.m */; };
		11D758CA1BB8385100F554D7 /* DFImageUnitView.m in Sources */ = {isa = PBXBuildFile; fileRef = 11D758C91BB8385100F554D7 /* DFImageUnitView.m */; };
		11D758EA1BB8E6C300F554D7 /* AlbumOperateMore@2x.png in Resources */ = {isa = PBXBuildFile; fileRef = 11D758E41BB8E6C300F554D7 /* AlbumOperateMore@2x.png */; };
		11D758EB1BB8E6C300F554D7 /* AlbumOperateMore@3x.png in Resources */ = {isa = PBXBuildFile; fileRef = 11D758E51BB8E6C300F554D7 /* AlbumOperateMore@3x.png */; };
		11D758EC1BB8E6C300F554D7 /* AlbumOperateMoreHL@2x.png in Resources */ = {isa = PBXBuildFile; fileRef = 11D758E61BB8E6C300F554D7 /* AlbumOperateMoreHL@2x.png */; };
		11D758ED1BB8E6C300F554D7 /* AlbumOperateMoreHL@3x.png in Resources */ = {isa = PBXBuildFile; fileRef = 11D758E71BB8E6C300F554D7 /* AlbumOperateMoreHL@3x.png */; };
		11D758EE1BB8E6C300F554D7 /* Like@2x.png in Resources */ = {isa = PBXBuildFile; fileRef = 11D758E81BB8E6C300F554D7 /* Like@2x.png */; };
		11D758EF1BB8E6C300F554D7 /* Like@3x.png in Resources */ = {isa = PBXBuildFile; fileRef = 11D758E91BB8E6C300F554D7 /* Like@3x.png */; };
		11D758F21BB8EA5E00F554D7 /* LikeCmtBg@2x.png in Resources */ = {isa = PBXBuildFile; fileRef = 11D758F01BB8EA5E00F554D7 /* LikeCmtBg@2x.png */; };
		11D758F31BB8EA5E00F554D7 /* LikeCmtBg@3x.png in Resources */ = {isa = PBXBuildFile; fileRef = 11D758F11BB8EA5E00F554D7 /* LikeCmtBg@3x.png */; };
		11D758F71BB8F36C00F554D7 /* DFLikeCommentView.m in Sources */ = {isa = PBXBuildFile; fileRef = 11D758F61BB8F36C00F554D7 /* DFLikeCommentView.m */; };
		11D758FB1BBA8C4C00F554D7 /* DFLineLikeItem.m in Sources */ = {isa = PBXBuildFile; fileRef = 11D758FA1BBA8C4C00F554D7 /* DFLineLikeItem.m */; };
		11D758FE1BBA8C5D00F554D7 /* DFLineCommentItem.m in Sources */ = {isa = PBXBuildFile; fileRef = 11D758FD1BBA8C5D00F554D7 /* DFLineCommentItem.m */; };
		11D759051BBAC8DD00F554D7 /* DFLikeCommentToolbar.m in Sources */ = {isa = PBXBuildFile; fileRef = 11D759041BBAC8DD00F554D7 /* DFLikeCommentToolbar.m */; };
		11D7590B1BBACC2700F554D7 /* AlbumComment@2x.png in Resources */ = {isa = PBXBuildFile; fileRef = 11D759061BBACC2700F554D7 /* AlbumComment@2x.png */; };
		11D7590C1BBACC2700F554D7 /* AlbumComment@3x.png in Resources */ = {isa = PBXBuildFile; fileRef = 11D759071BBACC2700F554D7 /* AlbumComment@3x.png */; };
		11D7590D1BBACC2700F554D7 /* AlbumLike@2x.png in Resources */ = {isa = PBXBuildFile; fileRef = 11D759081BBACC2700F554D7 /* AlbumLike@2x.png */; };
		11D7590E1BBACC2700F554D7 /* AlbumLike@3x.png in Resources */ = {isa = PBXBuildFile; fileRef = 11D759091BBACC2700F554D7 /* AlbumLike@3x.png */; };
		11D7590F1BBACC2700F554D7 /* AlbumOperateMoreViewBkg@2x.png in Resources */ = {isa = PBXBuildFile; fileRef = 11D7590A1BBACC2700F554D7 /* AlbumOperateMoreViewBkg@2x.png */; };
		11E157981BC0293900F2F99A /* DFFaceManager.m in Sources */ = {isa = PBXBuildFile; fileRef = 11E157971BC0293900F2F99A /* DFFaceManager.m */; };
		11E157CF1BC8F6E500F2F99A /* CommentInputView.m in Sources */ = {isa = PBXBuildFile; fileRef = 11E157CE1BC8F6E500F2F99A /* CommentInputView.m */; };
		11F07F9E1BCF9BBE0084DAA3 /* DFBaseTimeLineViewController.m in Sources */ = {isa = PBXBuildFile; fileRef = 11F07F9D1BCF9BBE0084DAA3 /* DFBaseTimeLineViewController.m */; };
		658765601D3DCD0900588D32 /* u2_state0@2x.png in Resources */ = {isa = PBXBuildFile; fileRef = 6587655F1D3DCD0900588D32 /* u2_state0@2x.png */; };
		65B64EBE1D3F1745001CB990 /* TENSubjectShowViewController.m in Sources */ = {isa = PBXBuildFile; fileRef = 65B64EBD1D3F1745001CB990 /* TENSubjectShowViewController.m */; };
		65B64EC11D3F1759001CB990 /* SubjectShowTableViewCell.m in Sources */ = {isa = PBXBuildFile; fileRef = 65B64EC01D3F1759001CB990 /* SubjectShowTableViewCell.m */; };
		65B64EC41D3F3157001CB990 /* TENSubjectShowDetailViewController.m in Sources */ = {isa = PBXBuildFile; fileRef = 65B64EC31D3F3157001CB990 /* TENSubjectShowDetailViewController.m */; };
		65B64EC71D3F5A67001CB990 /* TENBaseTimelineTableViewController.m in Sources */ = {isa = PBXBuildFile; fileRef = 65B64EC61D3F5A67001CB990 /* TENBaseTimelineTableViewController.m */; };
		65E78D2F1D4762800053038F /* SubjectShowListViewController.m in Sources */ = {isa = PBXBuildFile; fileRef = 65E78D2E1D4762800053038F /* SubjectShowListViewController.m */; };
		F6EC3B07A280F7A8DCB045F3 /* libPods-DFTimelineView.a in Frameworks */ = {isa = PBXBuildFile; fileRef = AEB4208C75F9B47EAAE19E80 /* libPods-DFTimelineView.a */; };
/* End PBXBuildFile section */

/* Begin PBXFileReference section */
		110D424B1BCF54CA00081824 /* MLClickColorLinkLabel.h */ = {isa = PBXFileReference; fileEncoding = 4; lastKnownFileType = sourcecode.c.h; path = MLClickColorLinkLabel.h; sourceTree = "<group>"; };
		110D424C1BCF54CA00081824 /* MLClickColorLinkLabel.m */ = {isa = PBXFileReference; fileEncoding = 4; lastKnownFileType = sourcecode.c.objc; path = MLClickColorLinkLabel.m; sourceTree = "<group>"; };
		1173E4F11C71813E004C9979 /* Camera@2x.png */ = {isa = PBXFileReference; lastKnownFileType = image.png; path = "Camera@2x.png"; sourceTree = "<group>"; };
		1173E4F21C71813E004C9979 /* Camera@3x.png */ = {isa = PBXFileReference; lastKnownFileType = image.png; path = "Camera@3x.png"; sourceTree = "<group>"; };
		1173E4F51C71834D004C9979 /* UserViewController.h */ = {isa = PBXFileReference; fileEncoding = 4; lastKnownFileType = sourcecode.c.h; path = UserViewController.h; sourceTree = "<group>"; };
		1173E4F61C71834D004C9979 /* UserViewController.m */ = {isa = PBXFileReference; fileEncoding = 4; lastKnownFileType = sourcecode.c.objc; path = UserViewController.m; sourceTree = "<group>"; };
		1173E51E1C71B239004C9979 /* DFImagesSendViewController.h */ = {isa = PBXFileReference; fileEncoding = 4; lastKnownFileType = sourcecode.c.h; path = DFImagesSendViewController.h; sourceTree = "<group>"; };
		1173E51F1C71B239004C9979 /* DFImagesSendViewController.m */ = {isa = PBXFileReference; fileEncoding = 4; lastKnownFileType = sourcecode.c.objc; path = DFImagesSendViewController.m; sourceTree = "<group>"; };
		1173E5211C71BAF0004C9979 /* DFPlainGridImageView.h */ = {isa = PBXFileReference; fileEncoding = 4; lastKnownFileType = sourcecode.c.h; path = DFPlainGridImageView.h; sourceTree = "<group>"; };
		1173E5221C71BAF0004C9979 /* DFPlainGridImageView.m */ = {isa = PBXFileReference; fileEncoding = 4; lastKnownFileType = sourcecode.c.objc; path = DFPlainGridImageView.m; sourceTree = "<group>"; };
		1173E5241C71BF63004C9979 /* AlbumAddBtn@2x.png */ = {isa = PBXFileReference; lastKnownFileType = image.png; path = "AlbumAddBtn@2x.png"; sourceTree = "<group>"; };
		1173E5331C720F7C004C9979 /* DFVideoLineCell.h */ = {isa = PBXFileReference; fileEncoding = 4; lastKnownFileType = sourcecode.c.h; path = DFVideoLineCell.h; sourceTree = "<group>"; };
		1173E5341C720F7C004C9979 /* DFVideoLineCell.m */ = {isa = PBXFileReference; fileEncoding = 4; lastKnownFileType = sourcecode.c.objc; path = DFVideoLineCell.m; sourceTree = "<group>"; };
		1173E5391C7210EA004C9979 /* DFVideoLineItem.h */ = {isa = PBXFileReference; fileEncoding = 4; lastKnownFileType = sourcecode.c.h; path = DFVideoLineItem.h; sourceTree = "<group>"; };
		1173E53A1C7210EA004C9979 /* DFVideoLineItem.m */ = {isa = PBXFileReference; fileEncoding = 4; lastKnownFileType = sourcecode.c.objc; path = DFVideoLineItem.m; sourceTree = "<group>"; };
		1173E53F1C721977004C9979 /* DFTimelineView.h */ = {isa = PBXFileReference; lastKnownFileType = sourcecode.c.h; path = DFTimelineView.h; sourceTree = "<group>"; };
		1173E5571C72CEAD004C9979 /* DFUserTimeLineViewController.h */ = {isa = PBXFileReference; fileEncoding = 4; lastKnownFileType = sourcecode.c.h; path = DFUserTimeLineViewController.h; sourceTree = "<group>"; };
		1173E5581C72CEAD004C9979 /* DFUserTimeLineViewController.m */ = {isa = PBXFileReference; fileEncoding = 4; lastKnownFileType = sourcecode.c.objc; path = DFUserTimeLineViewController.m; sourceTree = "<group>"; };
		1173E55A1C72CEAD004C9979 /* DFBaseUserLineItem.h */ = {isa = PBXFileReference; fileEncoding = 4; lastKnownFileType = sourcecode.c.h; path = DFBaseUserLineItem.h; sourceTree = "<group>"; };
		1173E55B1C72CEAD004C9979 /* DFBaseUserLineItem.m */ = {isa = PBXFileReference; fileEncoding = 4; lastKnownFileType = sourcecode.c.objc; path = DFBaseUserLineItem.m; sourceTree = "<group>"; };
		1173E55C1C72CEAD004C9979 /* DFTextImageUserLineItem.h */ = {isa = PBXFileReference; fileEncoding = 4; lastKnownFileType = sourcecode.c.h; path = DFTextImageUserLineItem.h; sourceTree = "<group>"; };
		1173E55D1C72CEAD004C9979 /* DFTextImageUserLineItem.m */ = {isa = PBXFileReference; fileEncoding = 4; lastKnownFileType = sourcecode.c.objc; path = DFTextImageUserLineItem.m; sourceTree = "<group>"; };
		1173E55F1C72CEAD004C9979 /* DFBaseUserLineCell.h */ = {isa = PBXFileReference; fileEncoding = 4; lastKnownFileType = sourcecode.c.h; path = DFBaseUserLineCell.h; sourceTree = "<group>"; };
		1173E5601C72CEAD004C9979 /* DFBaseUserLineCell.m */ = {isa = PBXFileReference; fileEncoding = 4; lastKnownFileType = sourcecode.c.objc; path = DFBaseUserLineCell.m; sourceTree = "<group>"; };
		1173E5611C72CEAD004C9979 /* DFTextImageUserLineCell.h */ = {isa = PBXFileReference; fileEncoding = 4; lastKnownFileType = sourcecode.c.h; path = DFTextImageUserLineCell.h; sourceTree = "<group>"; };
		1173E5621C72CEAD004C9979 /* DFTextImageUserLineCell.m */ = {isa = PBXFileReference; fileEncoding = 4; lastKnownFileType = sourcecode.c.objc; path = DFTextImageUserLineCell.m; sourceTree = "<group>"; };
		1173E56B1C72F0B6004C9979 /* DFLineCellManager.h */ = {isa = PBXFileReference; fileEncoding = 4; lastKnownFileType = sourcecode.c.h; path = DFLineCellManager.h; sourceTree = "<group>"; };
		1173E56C1C72F0B6004C9979 /* DFLineCellManager.m */ = {isa = PBXFileReference; fileEncoding = 4; lastKnownFileType = sourcecode.c.objc; path = DFLineCellManager.m; sourceTree = "<group>"; };
		1173E56E1C72F451004C9979 /* DFUserLineCellManager.h */ = {isa = PBXFileReference; fileEncoding = 4; lastKnownFileType = sourcecode.c.h; path = DFUserLineCellManager.h; sourceTree = "<group>"; };
		1173E56F1C72F451004C9979 /* DFUserLineCellManager.m */ = {isa = PBXFileReference; fileEncoding = 4; lastKnownFileType = sourcecode.c.objc; path = DFUserLineCellManager.m; sourceTree = "<group>"; };
		11D758201BB7D43B00F554D7 /* DFTimelineView.app */ = {isa = PBXFileReference; explicitFileType = wrapper.application; includeInIndex = 0; path = DFTimelineView.app; sourceTree = BUILT_PRODUCTS_DIR; };
		11D758241BB7D43B00F554D7 /* Info.plist */ = {isa = PBXFileReference; lastKnownFileType = text.plist.xml; path = Info.plist; sourceTree = "<group>"; };
		11D758251BB7D43B00F554D7 /* main.m */ = {isa = PBXFileReference; lastKnownFileType = sourcecode.c.objc; path = main.m; sourceTree = "<group>"; };
		11D758271BB7D43B00F554D7 /* AppDelegate.h */ = {isa = PBXFileReference; lastKnownFileType = sourcecode.c.h; path = AppDelegate.h; sourceTree = "<group>"; };
		11D758281BB7D43B00F554D7 /* AppDelegate.m */ = {isa = PBXFileReference; lastKnownFileType = sourcecode.c.objc; path = AppDelegate.m; sourceTree = "<group>"; };
		11D7582A1BB7D43B00F554D7 /* ViewController.h */ = {isa = PBXFileReference; lastKnownFileType = sourcecode.c.h; path = ViewController.h; sourceTree = "<group>"; };
		11D7582B1BB7D43B00F554D7 /* ViewController.m */ = {isa = PBXFileReference; lastKnownFileType = sourcecode.c.objc; path = ViewController.m; sourceTree = "<group>"; };
		11D758301BB7D43B00F554D7 /* Images.xcassets */ = {isa = PBXFileReference; lastKnownFileType = folder.assetcatalog; path = Images.xcassets; sourceTree = "<group>"; };
		11D7584B1BB7D66300F554D7 /* DFBaseLineItem.h */ = {isa = PBXFileReference; fileEncoding = 4; lastKnownFileType = sourcecode.c.h; path = DFBaseLineItem.h; sourceTree = "<group>"; };
		11D7584C1BB7D66300F554D7 /* DFBaseLineItem.m */ = {isa = PBXFileReference; fileEncoding = 4; lastKnownFileType = sourcecode.c.objc; path = DFBaseLineItem.m; sourceTree = "<group>"; };
		11D7584E1BB7D69700F554D7 /* prefix.pch */ = {isa = PBXFileReference; lastKnownFileType = sourcecode.c.h; path = prefix.pch; sourceTree = "<group>"; };
		11D758501BB7D85D00F554D7 /* DFBaseLineCell.h */ = {isa = PBXFileReference; fileEncoding = 4; lastKnownFileType = sourcecode.c.h; path = DFBaseLineCell.h; sourceTree = "<group>"; };
		11D758511BB7D85D00F554D7 /* DFBaseLineCell.m */ = {isa = PBXFileReference; fileEncoding = 4; lastKnownFileType = sourcecode.c.objc; path = DFBaseLineCell.m; sourceTree = "<group>"; };
		11D758551BB7DACC00F554D7 /* DFTimeLineViewController.h */ = {isa = PBXFileReference; fileEncoding = 4; lastKnownFileType = sourcecode.c.h; path = DFTimeLineViewController.h; sourceTree = "<group>"; };
		11D758561BB7DACC00F554D7 /* DFTimeLineViewController.m */ = {isa = PBXFileReference; fileEncoding = 4; lastKnownFileType = sourcecode.c.objc; path = DFTimeLineViewController.m; sourceTree = "<group>"; };
		11D7585E1BB7DCF700F554D7 /* DFTextImageLineCell.h */ = {isa = PBXFileReference; fileEncoding = 4; lastKnownFileType = sourcecode.c.h; path = DFTextImageLineCell.h; sourceTree = "<group>"; };
		11D7585F1BB7DCF700F554D7 /* DFTextImageLineCell.m */ = {isa = PBXFileReference; fileEncoding = 4; lastKnownFileType = sourcecode.c.objc; path = DFTextImageLineCell.m; sourceTree = "<group>"; };
		11D758641BB7E12800F554D7 /* DFTextImageLineItem.h */ = {isa = PBXFileReference; fileEncoding = 4; lastKnownFileType = sourcecode.c.h; path = DFTextImageLineItem.h; sourceTree = "<group>"; };
		11D758651BB7E12800F554D7 /* DFTextImageLineItem.m */ = {isa = PBXFileReference; fileEncoding = 4; lastKnownFileType = sourcecode.c.objc; path = DFTextImageLineItem.m; sourceTree = "<group>"; };
		11D758C51BB8216C00F554D7 /* DFGridImageView.h */ = {isa = PBXFileReference; fileEncoding = 4; lastKnownFileType = sourcecode.c.h; path = DFGridImageView.h; sourceTree = "<group>"; };
		11D758C61BB8216C00F554D7 /* DFGridImageView.m */ = {isa = PBXFileReference; fileEncoding = 4; lastKnownFileType = sourcecode.c.objc; path = DFGridImageView.m; sourceTree = "<group>"; };
		11D758C81BB8385100F554D7 /* DFImageUnitView.h */ = {isa = PBXFileReference; fileEncoding = 4; lastKnownFileType = sourcecode.c.h; path = DFImageUnitView.h; sourceTree = "<group>"; };
		11D758C91BB8385100F554D7 /* DFImageUnitView.m */ = {isa = PBXFileReference; fileEncoding = 4; lastKnownFileType = sourcecode.c.objc; path = DFImageUnitView.m; sourceTree = "<group>"; };
		11D758E41BB8E6C300F554D7 /* AlbumOperateMore@2x.png */ = {isa = PBXFileReference; lastKnownFileType = image.png; path = "AlbumOperateMore@2x.png"; sourceTree = "<group>"; };
		11D758E51BB8E6C300F554D7 /* AlbumOperateMore@3x.png */ = {isa = PBXFileReference; lastKnownFileType = image.png; path = "AlbumOperateMore@3x.png"; sourceTree = "<group>"; };
		11D758E61BB8E6C300F554D7 /* AlbumOperateMoreHL@2x.png */ = {isa = PBXFileReference; lastKnownFileType = image.png; path = "AlbumOperateMoreHL@2x.png"; sourceTree = "<group>"; };
		11D758E71BB8E6C300F554D7 /* AlbumOperateMoreHL@3x.png */ = {isa = PBXFileReference; lastKnownFileType = image.png; path = "AlbumOperateMoreHL@3x.png"; sourceTree = "<group>"; };
		11D758E81BB8E6C300F554D7 /* Like@2x.png */ = {isa = PBXFileReference; lastKnownFileType = image.png; path = "Like@2x.png"; sourceTree = "<group>"; };
		11D758E91BB8E6C300F554D7 /* Like@3x.png */ = {isa = PBXFileReference; lastKnownFileType = image.png; path = "Like@3x.png"; sourceTree = "<group>"; };
		11D758F01BB8EA5E00F554D7 /* LikeCmtBg@2x.png */ = {isa = PBXFileReference; lastKnownFileType = image.png; path = "LikeCmtBg@2x.png"; sourceTree = "<group>"; };
		11D758F11BB8EA5E00F554D7 /* LikeCmtBg@3x.png */ = {isa = PBXFileReference; lastKnownFileType = image.png; path = "LikeCmtBg@3x.png"; sourceTree = "<group>"; };
		11D758F51BB8F36C00F554D7 /* DFLikeCommentView.h */ = {isa = PBXFileReference; fileEncoding = 4; lastKnownFileType = sourcecode.c.h; path = DFLikeCommentView.h; sourceTree = "<group>"; };
		11D758F61BB8F36C00F554D7 /* DFLikeCommentView.m */ = {isa = PBXFileReference; fileEncoding = 4; lastKnownFileType = sourcecode.c.objc; path = DFLikeCommentView.m; sourceTree = "<group>"; };
		11D758F91BBA8C4C00F554D7 /* DFLineLikeItem.h */ = {isa = PBXFileReference; fileEncoding = 4; lastKnownFileType = sourcecode.c.h; path = DFLineLikeItem.h; sourceTree = "<group>"; };
		11D758FA1BBA8C4C00F554D7 /* DFLineLikeItem.m */ = {isa = PBXFileReference; fileEncoding = 4; lastKnownFileType = sourcecode.c.objc; path = DFLineLikeItem.m; sourceTree = "<group>"; };
		11D758FC1BBA8C5D00F554D7 /* DFLineCommentItem.h */ = {isa = PBXFileReference; fileEncoding = 4; lastKnownFileType = sourcecode.c.h; path = DFLineCommentItem.h; sourceTree = "<group>"; };
		11D758FD1BBA8C5D00F554D7 /* DFLineCommentItem.m */ = {isa = PBXFileReference; fileEncoding = 4; lastKnownFileType = sourcecode.c.objc; path = DFLineCommentItem.m; sourceTree = "<group>"; };
		11D759031BBAC8DD00F554D7 /* DFLikeCommentToolbar.h */ = {isa = PBXFileReference; fileEncoding = 4; lastKnownFileType = sourcecode.c.h; path = DFLikeCommentToolbar.h; sourceTree = "<group>"; };
		11D759041BBAC8DD00F554D7 /* DFLikeCommentToolbar.m */ = {isa = PBXFileReference; fileEncoding = 4; lastKnownFileType = sourcecode.c.objc; path = DFLikeCommentToolbar.m; sourceTree = "<group>"; };
		11D759061BBACC2700F554D7 /* AlbumComment@2x.png */ = {isa = PBXFileReference; lastKnownFileType = image.png; path = "AlbumComment@2x.png"; sourceTree = "<group>"; };
		11D759071BBACC2700F554D7 /* AlbumComment@3x.png */ = {isa = PBXFileReference; lastKnownFileType = image.png; path = "AlbumComment@3x.png"; sourceTree = "<group>"; };
		11D759081BBACC2700F554D7 /* AlbumLike@2x.png */ = {isa = PBXFileReference; lastKnownFileType = image.png; path = "AlbumLike@2x.png"; sourceTree = "<group>"; };
		11D759091BBACC2700F554D7 /* AlbumLike@3x.png */ = {isa = PBXFileReference; lastKnownFileType = image.png; path = "AlbumLike@3x.png"; sourceTree = "<group>"; };
		11D7590A1BBACC2700F554D7 /* AlbumOperateMoreViewBkg@2x.png */ = {isa = PBXFileReference; lastKnownFileType = image.png; path = "AlbumOperateMoreViewBkg@2x.png"; sourceTree = "<group>"; };
		11D75AA41BBD7AF700F554D7 /* Const.h */ = {isa = PBXFileReference; lastKnownFileType = sourcecode.c.h; path = Const.h; sourceTree = "<group>"; };
		11E157961BC0293900F2F99A /* DFFaceManager.h */ = {isa = PBXFileReference; fileEncoding = 4; lastKnownFileType = sourcecode.c.h; path = DFFaceManager.h; sourceTree = "<group>"; };
		11E157971BC0293900F2F99A /* DFFaceManager.m */ = {isa = PBXFileReference; fileEncoding = 4; lastKnownFileType = sourcecode.c.objc; path = DFFaceManager.m; sourceTree = "<group>"; };
		11E157CD1BC8F6E500F2F99A /* CommentInputView.h */ = {isa = PBXFileReference; fileEncoding = 4; lastKnownFileType = sourcecode.c.h; path = CommentInputView.h; sourceTree = "<group>"; };
		11E157CE1BC8F6E500F2F99A /* CommentInputView.m */ = {isa = PBXFileReference; fileEncoding = 4; lastKnownFileType = sourcecode.c.objc; path = CommentInputView.m; sourceTree = "<group>"; };
		11F07F9C1BCF9BBD0084DAA3 /* DFBaseTimeLineViewController.h */ = {isa = PBXFileReference; fileEncoding = 4; lastKnownFileType = sourcecode.c.h; path = DFBaseTimeLineViewController.h; sourceTree = "<group>"; };
		11F07F9D1BCF9BBE0084DAA3 /* DFBaseTimeLineViewController.m */ = {isa = PBXFileReference; fileEncoding = 4; lastKnownFileType = sourcecode.c.objc; path = DFBaseTimeLineViewController.m; sourceTree = "<group>"; };
		56800185CF8887378A48754C /* Pods-DFTimelineView.debug.xcconfig */ = {isa = PBXFileReference; includeInIndex = 1; lastKnownFileType = text.xcconfig; name = "Pods-DFTimelineView.debug.xcconfig"; path = "Pods/Target Support Files/Pods-DFTimelineView/Pods-DFTimelineView.debug.xcconfig"; sourceTree = "<group>"; };
		6587655F1D3DCD0900588D32 /* u2_state0@2x.png */ = {isa = PBXFileReference; lastKnownFileType = image.png; path = "u2_state0@2x.png"; sourceTree = "<group>"; };
		65B64EBC1D3F1745001CB990 /* TENSubjectShowViewController.h */ = {isa = PBXFileReference; fileEncoding = 4; lastKnownFileType = sourcecode.c.h; path = TENSubjectShowViewController.h; sourceTree = "<group>"; };
		65B64EBD1D3F1745001CB990 /* TENSubjectShowViewController.m */ = {isa = PBXFileReference; fileEncoding = 4; lastKnownFileType = sourcecode.c.objc; path = TENSubjectShowViewController.m; sourceTree = "<group>"; };
		65B64EBF1D3F1759001CB990 /* SubjectShowTableViewCell.h */ = {isa = PBXFileReference; fileEncoding = 4; lastKnownFileType = sourcecode.c.h; path = SubjectShowTableViewCell.h; sourceTree = "<group>"; };
		65B64EC01D3F1759001CB990 /* SubjectShowTableViewCell.m */ = {isa = PBXFileReference; fileEncoding = 4; lastKnownFileType = sourcecode.c.objc; path = SubjectShowTableViewCell.m; sourceTree = "<group>"; };
		65B64EC21D3F3157001CB990 /* TENSubjectShowDetailViewController.h */ = {isa = PBXFileReference; fileEncoding = 4; lastKnownFileType = sourcecode.c.h; path = TENSubjectShowDetailViewController.h; sourceTree = "<group>"; };
		65B64EC31D3F3157001CB990 /* TENSubjectShowDetailViewController.m */ = {isa = PBXFileReference; fileEncoding = 4; lastKnownFileType = sourcecode.c.objc; path = TENSubjectShowDetailViewController.m; sourceTree = "<group>"; };
		65B64EC51D3F5A67001CB990 /* TENBaseTimelineTableViewController.h */ = {isa = PBXFileReference; fileEncoding = 4; lastKnownFileType = sourcecode.c.h; path = TENBaseTimelineTableViewController.h; sourceTree = "<group>"; };
		65B64EC61D3F5A67001CB990 /* TENBaseTimelineTableViewController.m */ = {isa = PBXFileReference; fileEncoding = 4; lastKnownFileType = sourcecode.c.objc; path = TENBaseTimelineTableViewController.m; sourceTree = "<group>"; };
		65E78D2D1D4762800053038F /* SubjectShowListViewController.h */ = {isa = PBXFileReference; fileEncoding = 4; lastKnownFileType = sourcecode.c.h; path = SubjectShowListViewController.h; sourceTree = "<group>"; };
		65E78D2E1D4762800053038F /* SubjectShowListViewController.m */ = {isa = PBXFileReference; fileEncoding = 4; lastKnownFileType = sourcecode.c.objc; path = SubjectShowListViewController.m; sourceTree = "<group>"; };
		9959D93D9FA03E08D9405FAE /* Pods-DFTimelineView.release.xcconfig */ = {isa = PBXFileReference; includeInIndex = 1; lastKnownFileType = text.xcconfig; name = "Pods-DFTimelineView.release.xcconfig"; path = "Pods/Target Support Files/Pods-DFTimelineView/Pods-DFTimelineView.release.xcconfig"; sourceTree = "<group>"; };
		AEB4208C75F9B47EAAE19E80 /* libPods-DFTimelineView.a */ = {isa = PBXFileReference; explicitFileType = archive.ar; includeInIndex = 0; path = "libPods-DFTimelineView.a"; sourceTree = BUILT_PRODUCTS_DIR; };
/* End PBXFileReference section */

/* Begin PBXFrameworksBuildPhase section */
		11D7581D1BB7D43B00F554D7 /* Frameworks */ = {
			isa = PBXFrameworksBuildPhase;
			buildActionMask = 2147483647;
			files = (
				F6EC3B07A280F7A8DCB045F3 /* libPods-DFTimelineView.a in Frameworks */,
			);
			runOnlyForDeploymentPostprocessing = 0;
		};
/* End PBXFrameworksBuildPhase section */

/* Begin PBXGroup section */
		1173E51D1C71B1F5004C9979 /* Plugin */ = {
			isa = PBXGroup;
			children = (
				1173E51E1C71B239004C9979 /* DFImagesSendViewController.h */,
				1173E51F1C71B239004C9979 /* DFImagesSendViewController.m */,
				1173E5211C71BAF0004C9979 /* DFPlainGridImageView.h */,
				1173E5221C71BAF0004C9979 /* DFPlainGridImageView.m */,
			);
			path = Plugin;
			sourceTree = "<group>";
		};
		1173E54E1C72CEAD004C9979 /* UserTimeline */ = {
			isa = PBXGroup;
			children = (
				1173E5561C72CEAD004C9979 /* Controller */,
				1173E5591C72CEAD004C9979 /* Item */,
				1173E55E1C72CEAD004C9979 /* View */,
			);
			path = UserTimeline;
			sourceTree = "<group>";
		};
		1173E5561C72CEAD004C9979 /* Controller */ = {
			isa = PBXGroup;
			children = (
				1173E5571C72CEAD004C9979 /* DFUserTimeLineViewController.h */,
				1173E5581C72CEAD004C9979 /* DFUserTimeLineViewController.m */,
			);
			path = Controller;
			sourceTree = "<group>";
		};
		1173E5591C72CEAD004C9979 /* Item */ = {
			isa = PBXGroup;
			children = (
				1173E55A1C72CEAD004C9979 /* DFBaseUserLineItem.h */,
				1173E55B1C72CEAD004C9979 /* DFBaseUserLineItem.m */,
				1173E55C1C72CEAD004C9979 /* DFTextImageUserLineItem.h */,
				1173E55D1C72CEAD004C9979 /* DFTextImageUserLineItem.m */,
			);
			path = Item;
			sourceTree = "<group>";
		};
		1173E55E1C72CEAD004C9979 /* View */ = {
			isa = PBXGroup;
			children = (
				1173E56E1C72F451004C9979 /* DFUserLineCellManager.h */,
				1173E56F1C72F451004C9979 /* DFUserLineCellManager.m */,
				1173E55F1C72CEAD004C9979 /* DFBaseUserLineCell.h */,
				1173E5601C72CEAD004C9979 /* DFBaseUserLineCell.m */,
				1173E5611C72CEAD004C9979 /* DFTextImageUserLineCell.h */,
				1173E5621C72CEAD004C9979 /* DFTextImageUserLineCell.m */,
			);
			path = View;
			sourceTree = "<group>";
		};
		11D758171BB7D43B00F554D7 = {
			isa = PBXGroup;
			children = (
				11D758221BB7D43B00F554D7 /* DFTimelineView */,
				11D758211BB7D43B00F554D7 /* Products */,
				782F5666067D60162A8625C3 /* Pods */,
				60FE8DAF80C297CC9F9C0A95 /* Frameworks */,
			);
			sourceTree = "<group>";
		};
		11D758211BB7D43B00F554D7 /* Products */ = {
			isa = PBXGroup;
			children = (
				11D758201BB7D43B00F554D7 /* DFTimelineView.app */,
			);
			name = Products;
			sourceTree = "<group>";
		};
		11D758221BB7D43B00F554D7 /* DFTimelineView */ = {
			isa = PBXGroup;
			children = (
				11D758491BB7D5E500F554D7 /* DFTimelineView */,
				11D758271BB7D43B00F554D7 /* AppDelegate.h */,
				11D758281BB7D43B00F554D7 /* AppDelegate.m */,
				11D7582A1BB7D43B00F554D7 /* ViewController.h */,
				11D7582B1BB7D43B00F554D7 /* ViewController.m */,
				65E78D2D1D4762800053038F /* SubjectShowListViewController.h */,
				65E78D2E1D4762800053038F /* SubjectShowListViewController.m */,
				1173E4F51C71834D004C9979 /* UserViewController.h */,
				1173E4F61C71834D004C9979 /* UserViewController.m */,
				11D758301BB7D43B00F554D7 /* Images.xcassets */,
				11D758231BB7D43B00F554D7 /* Supporting Files */,
				11D7584E1BB7D69700F554D7 /* prefix.pch */,
			);
			path = DFTimelineView;
			sourceTree = "<group>";
		};
		11D758231BB7D43B00F554D7 /* Supporting Files */ = {
			isa = PBXGroup;
			children = (
				11D758241BB7D43B00F554D7 /* Info.plist */,
				11D758251BB7D43B00F554D7 /* main.m */,
			);
			name = "Supporting Files";
			sourceTree = "<group>";
		};
		11D758491BB7D5E500F554D7 /* DFTimelineView */ = {
			isa = PBXGroup;
			children = (
				1173E54E1C72CEAD004C9979 /* UserTimeline */,
				11D75AA31BBD7AE700F554D7 /* Define */,
				11D758E31BB8E6C300F554D7 /* Resource */,
				11D758671BB7E71400F554D7 /* Lib */,
				11D758531BB7DA4100F554D7 /* Controller */,
				11D7584F1BB7D81500F554D7 /* View */,
				11D7584A1BB7D63A00F554D7 /* Item */,
				1173E53F1C721977004C9979 /* DFTimelineView.h */,
			);
			path = DFTimelineView;
			sourceTree = "<group>";
		};
		11D7584A1BB7D63A00F554D7 /* Item */ = {
			isa = PBXGroup;
			children = (
				11D758F81BBA8C3100F554D7 /* LikeComment */,
				11D7584B1BB7D66300F554D7 /* DFBaseLineItem.h */,
				11D7584C1BB7D66300F554D7 /* DFBaseLineItem.m */,
				11D758641BB7E12800F554D7 /* DFTextImageLineItem.h */,
				11D758651BB7E12800F554D7 /* DFTextImageLineItem.m */,
				1173E5391C7210EA004C9979 /* DFVideoLineItem.h */,
				1173E53A1C7210EA004C9979 /* DFVideoLineItem.m */,
			);
			path = Item;
			sourceTree = "<group>";
		};
		11D7584F1BB7D81500F554D7 /* View */ = {
			isa = PBXGroup;
			children = (
				11E157CC1BC8F6D400F2F99A /* CommentInputView */,
				11D759021BBAC8B400F554D7 /* LikeCommentToolbar */,
				11D758F41BB8F35000F554D7 /* LikeCommentView */,
				11D758C41BB8213A00F554D7 /* DFGridImageView */,
				11D758501BB7D85D00F554D7 /* DFBaseLineCell.h */,
				11D758511BB7D85D00F554D7 /* DFBaseLineCell.m */,
				1173E56B1C72F0B6004C9979 /* DFLineCellManager.h */,
				1173E56C1C72F0B6004C9979 /* DFLineCellManager.m */,
				11D7585E1BB7DCF700F554D7 /* DFTextImageLineCell.h */,
				11D7585F1BB7DCF700F554D7 /* DFTextImageLineCell.m */,
				1173E5331C720F7C004C9979 /* DFVideoLineCell.h */,
				1173E5341C720F7C004C9979 /* DFVideoLineCell.m */,
			);
			path = View;
			sourceTree = "<group>";
		};
		11D758531BB7DA4100F554D7 /* Controller */ = {
			isa = PBXGroup;
			children = (
				1173E51D1C71B1F5004C9979 /* Plugin */,
				11F07F9C1BCF9BBD0084DAA3 /* DFBaseTimeLineViewController.h */,
				11F07F9D1BCF9BBE0084DAA3 /* DFBaseTimeLineViewController.m */,
				11D758551BB7DACC00F554D7 /* DFTimeLineViewController.h */,
				11D758561BB7DACC00F554D7 /* DFTimeLineViewController.m */,
				65B64EBC1D3F1745001CB990 /* TENSubjectShowViewController.h */,
				65B64EBD1D3F1745001CB990 /* TENSubjectShowViewController.m */,
				65B64EBF1D3F1759001CB990 /* SubjectShowTableViewCell.h */,
				65B64EC01D3F1759001CB990 /* SubjectShowTableViewCell.m */,
				65B64EC21D3F3157001CB990 /* TENSubjectShowDetailViewController.h */,
				65B64EC31D3F3157001CB990 /* TENSubjectShowDetailViewController.m */,
				65B64EC51D3F5A67001CB990 /* TENBaseTimelineTableViewController.h */,
				65B64EC61D3F5A67001CB990 /* TENBaseTimelineTableViewController.m */,
			);
			path = Controller;
			sourceTree = "<group>";
		};
		11D758671BB7E71400F554D7 /* Lib */ = {
			isa = PBXGroup;
			children = (
				11E157961BC0293900F2F99A /* DFFaceManager.h */,
				11E157971BC0293900F2F99A /* DFFaceManager.m */,
			);
			path = Lib;
			sourceTree = "<group>";
		};
		11D758C41BB8213A00F554D7 /* DFGridImageView */ = {
			isa = PBXGroup;
			children = (
				11D758C51BB8216C00F554D7 /* DFGridImageView.h */,
				11D758C61BB8216C00F554D7 /* DFGridImageView.m */,
				11D758C81BB8385100F554D7 /* DFImageUnitView.h */,
				11D758C91BB8385100F554D7 /* DFImageUnitView.m */,
			);
			path = DFGridImageView;
			sourceTree = "<group>";
		};
		11D758E31BB8E6C300F554D7 /* Resource */ = {
			isa = PBXGroup;
			children = (
				6587655F1D3DCD0900588D32 /* u2_state0@2x.png */,
				1173E5241C71BF63004C9979 /* AlbumAddBtn@2x.png */,
				1173E4F11C71813E004C9979 /* Camera@2x.png */,
				1173E4F21C71813E004C9979 /* Camera@3x.png */,
				11D759061BBACC2700F554D7 /* AlbumComment@2x.png */,
				11D759071BBACC2700F554D7 /* AlbumComment@3x.png */,
				11D759081BBACC2700F554D7 /* AlbumLike@2x.png */,
				11D759091BBACC2700F554D7 /* AlbumLike@3x.png */,
				11D7590A1BBACC2700F554D7 /* AlbumOperateMoreViewBkg@2x.png */,
				11D758F01BB8EA5E00F554D7 /* LikeCmtBg@2x.png */,
				11D758F11BB8EA5E00F554D7 /* LikeCmtBg@3x.png */,
				11D758E41BB8E6C300F554D7 /* AlbumOperateMore@2x.png */,
				11D758E51BB8E6C300F554D7 /* AlbumOperateMore@3x.png */,
				11D758E61BB8E6C300F554D7 /* AlbumOperateMoreHL@2x.png */,
				11D758E71BB8E6C300F554D7 /* AlbumOperateMoreHL@3x.png */,
				11D758E81BB8E6C300F554D7 /* Like@2x.png */,
				11D758E91BB8E6C300F554D7 /* Like@3x.png */,
			);
			path = Resource;
			sourceTree = "<group>";
		};
		11D758F41BB8F35000F554D7 /* LikeCommentView */ = {
			isa = PBXGroup;
			children = (
				11D758F51BB8F36C00F554D7 /* DFLikeCommentView.h */,
				11D758F61BB8F36C00F554D7 /* DFLikeCommentView.m */,
				110D424B1BCF54CA00081824 /* MLClickColorLinkLabel.h */,
				110D424C1BCF54CA00081824 /* MLClickColorLinkLabel.m */,
			);
			path = LikeCommentView;
			sourceTree = "<group>";
		};
		11D758F81BBA8C3100F554D7 /* LikeComment */ = {
			isa = PBXGroup;
			children = (
				11D758F91BBA8C4C00F554D7 /* DFLineLikeItem.h */,
				11D758FA1BBA8C4C00F554D7 /* DFLineLikeItem.m */,
				11D758FC1BBA8C5D00F554D7 /* DFLineCommentItem.h */,
				11D758FD1BBA8C5D00F554D7 /* DFLineCommentItem.m */,
			);
			path = LikeComment;
			sourceTree = "<group>";
		};
		11D759021BBAC8B400F554D7 /* LikeCommentToolbar */ = {
			isa = PBXGroup;
			children = (
				11D759031BBAC8DD00F554D7 /* DFLikeCommentToolbar.h */,
				11D759041BBAC8DD00F554D7 /* DFLikeCommentToolbar.m */,
			);
			path = LikeCommentToolbar;
			sourceTree = "<group>";
		};
		11D75AA31BBD7AE700F554D7 /* Define */ = {
			isa = PBXGroup;
			children = (
				11D75AA41BBD7AF700F554D7 /* Const.h */,
			);
			path = Define;
			sourceTree = "<group>";
		};
		11E157CC1BC8F6D400F2F99A /* CommentInputView */ = {
			isa = PBXGroup;
			children = (
				11E157CD1BC8F6E500F2F99A /* CommentInputView.h */,
				11E157CE1BC8F6E500F2F99A /* CommentInputView.m */,
			);
			path = CommentInputView;
			sourceTree = "<group>";
		};
		60FE8DAF80C297CC9F9C0A95 /* Frameworks */ = {
			isa = PBXGroup;
			children = (
				AEB4208C75F9B47EAAE19E80 /* libPods-DFTimelineView.a */,
			);
			name = Frameworks;
			sourceTree = "<group>";
		};
		782F5666067D60162A8625C3 /* Pods */ = {
			isa = PBXGroup;
			children = (
				56800185CF8887378A48754C /* Pods-DFTimelineView.debug.xcconfig */,
				9959D93D9FA03E08D9405FAE /* Pods-DFTimelineView.release.xcconfig */,
			);
			name = Pods;
			sourceTree = "<group>";
		};
/* End PBXGroup section */

/* Begin PBXNativeTarget section */
		11D7581F1BB7D43B00F554D7 /* DFTimelineView */ = {
			isa = PBXNativeTarget;
			buildConfigurationList = 11D758431BB7D43B00F554D7 /* Build configuration list for PBXNativeTarget "DFTimelineView" */;
			buildPhases = (
				3D5EAD5575F1E26AAADA7327 /* [CP] Check Pods Manifest.lock */,
				11D7581C1BB7D43B00F554D7 /* Sources */,
				11D7581D1BB7D43B00F554D7 /* Frameworks */,
				11D7581E1BB7D43B00F554D7 /* Resources */,
				39E29928AEEDFE14FE3EE46B /* [CP] Embed Pods Frameworks */,
				F1AE01A8EA3D2760D4CEDFB0 /* [CP] Copy Pods Resources */,
			);
			buildRules = (
			);
			dependencies = (
			);
			name = DFTimelineView;
			productName = DFTimelineView;
			productReference = 11D758201BB7D43B00F554D7 /* DFTimelineView.app */;
			productType = "com.apple.product-type.application";
		};
/* End PBXNativeTarget section */

/* Begin PBXProject section */
		11D758181BB7D43B00F554D7 /* Project object */ = {
			isa = PBXProject;
			attributes = {
				LastUpgradeCheck = 0640;
				ORGANIZATIONNAME = "Datafans, Inc.";
				TargetAttributes = {
					11D7581F1BB7D43B00F554D7 = {
						CreatedOnToolsVersion = 6.4;
						DevelopmentTeam = K24Y3ZEWRA;
					};
				};
			};
			buildConfigurationList = 11D7581B1BB7D43B00F554D7 /* Build configuration list for PBXProject "DFTimelineView" */;
			compatibilityVersion = "Xcode 3.2";
			developmentRegion = English;
			hasScannedForEncodings = 0;
			knownRegions = (
				en,
				Base,
				ja,
			);
			mainGroup = 11D758171BB7D43B00F554D7;
			productRefGroup = 11D758211BB7D43B00F554D7 /* Products */;
			projectDirPath = "";
			projectRoot = "";
			targets = (
				11D7581F1BB7D43B00F554D7 /* DFTimelineView */,
			);
		};
/* End PBXProject section */

/* Begin PBXResourcesBuildPhase section */
		11D7581E1BB7D43B00F554D7 /* Resources */ = {
			isa = PBXResourcesBuildPhase;
			buildActionMask = 2147483647;
			files = (
				11D758EE1BB8E6C300F554D7 /* Like@2x.png in Resources */,
				11D758EA1BB8E6C300F554D7 /* AlbumOperateMore@2x.png in Resources */,
				11D7590B1BBACC2700F554D7 /* AlbumComment@2x.png in Resources */,
				11D758311BB7D43B00F554D7 /* Images.xcassets in Resources */,
				1173E4F41C71813E004C9979 /* Camera@3x.png in Resources */,
				11D7590E1BBACC2700F554D7 /* AlbumLike@3x.png in Resources */,
				658765601D3DCD0900588D32 /* u2_state0@2x.png in Resources */,
				11D7590F1BBACC2700F554D7 /* AlbumOperateMoreViewBkg@2x.png in Resources */,
				11D758F31BB8EA5E00F554D7 /* LikeCmtBg@3x.png in Resources */,
				11D758F21BB8EA5E00F554D7 /* LikeCmtBg@2x.png in Resources */,
				11D758EC1BB8E6C300F554D7 /* AlbumOperateMoreHL@2x.png in Resources */,
				11D758EB1BB8E6C300F554D7 /* AlbumOperateMore@3x.png in Resources */,
				1173E5251C71BF63004C9979 /* AlbumAddBtn@2x.png in Resources */,
				1173E4F31C71813E004C9979 /* Camera@2x.png in Resources */,
				11D7590D1BBACC2700F554D7 /* AlbumLike@2x.png in Resources */,
				11D758EF1BB8E6C300F554D7 /* Like@3x.png in Resources */,
				11D758ED1BB8E6C300F554D7 /* AlbumOperateMoreHL@3x.png in Resources */,
				11D7590C1BBACC2700F554D7 /* AlbumComment@3x.png in Resources */,
			);
			runOnlyForDeploymentPostprocessing = 0;
		};
/* End PBXResourcesBuildPhase section */

/* Begin PBXShellScriptBuildPhase section */
		39E29928AEEDFE14FE3EE46B /* [CP] Embed Pods Frameworks */ = {
			isa = PBXShellScriptBuildPhase;
			buildActionMask = 2147483647;
			files = (
			);
			inputPaths = (
			);
			name = "[CP] Embed Pods Frameworks";
			outputPaths = (
			);
			runOnlyForDeploymentPostprocessing = 0;
			shellPath = /bin/sh;
			shellScript = "\"${SRCROOT}/Pods/Target Support Files/Pods-DFTimelineView/Pods-DFTimelineView-frameworks.sh\"\n";
			showEnvVarsInLog = 0;
		};
		3D5EAD5575F1E26AAADA7327 /* [CP] Check Pods Manifest.lock */ = {
			isa = PBXShellScriptBuildPhase;
			buildActionMask = 2147483647;
			files = (
			);
			inputPaths = (
			);
			name = "[CP] Check Pods Manifest.lock";
			outputPaths = (
			);
			runOnlyForDeploymentPostprocessing = 0;
			shellPath = /bin/sh;
			shellScript = "diff \"${PODS_ROOT}/../Podfile.lock\" \"${PODS_ROOT}/Manifest.lock\" > /dev/null\nif [[ $? != 0 ]] ; then\n    cat << EOM\nerror: The sandbox is not in sync with the Podfile.lock. Run 'pod install' or update your CocoaPods installation.\nEOM\n    exit 1\nfi\n";
			showEnvVarsInLog = 0;
		};
		F1AE01A8EA3D2760D4CEDFB0 /* [CP] Copy Pods Resources */ = {
			isa = PBXShellScriptBuildPhase;
			buildActionMask = 2147483647;
			files = (
			);
			inputPaths = (
			);
			name = "[CP] Copy Pods Resources";
			outputPaths = (
			);
			runOnlyForDeploymentPostprocessing = 0;
			shellPath = /bin/sh;
			shellScript = "\"${SRCROOT}/Pods/Target Support Files/Pods-DFTimelineView/Pods-DFTimelineView-resources.sh\"\n";
			showEnvVarsInLog = 0;
		};
/* End PBXShellScriptBuildPhase section */

/* Begin PBXSourcesBuildPhase section */
		11D7581C1BB7D43B00F554D7 /* Sources */ = {
			isa = PBXSourcesBuildPhase;
			buildActionMask = 2147483647;
			files = (
				1173E5671C72CEAE004C9979 /* DFBaseUserLineItem.m in Sources */,
				65E78D2F1D4762800053038F /* SubjectShowListViewController.m in Sources */,
				1173E5201C71B239004C9979 /* DFImagesSendViewController.m in Sources */,
				11D7582C1BB7D43B00F554D7 /* ViewController.m in Sources */,
				11D758C71BB8216C00F554D7 /* DFGridImageView.m in Sources */,
				11D758661BB7E12800F554D7 /* DFTextImageLineItem.m in Sources */,
				11D758601BB7DCF700F554D7 /* DFTextImageLineCell.m in Sources */,
				1173E56A1C72CEAE004C9979 /* DFTextImageUserLineCell.m in Sources */,
				11D758291BB7D43B00F554D7 /* AppDelegate.m in Sources */,
				1173E5351C720F7C004C9979 /* DFVideoLineCell.m in Sources */,
				65B64EC11D3F1759001CB990 /* SubjectShowTableViewCell.m in Sources */,
				1173E56D1C72F0B6004C9979 /* DFLineCellManager.m in Sources */,
				11D758CA1BB8385100F554D7 /* DFImageUnitView.m in Sources */,
				11F07F9E1BCF9BBE0084DAA3 /* DFBaseTimeLineViewController.m in Sources */,
				1173E5681C72CEAE004C9979 /* DFTextImageUserLineItem.m in Sources */,
				11D758261BB7D43B00F554D7 /* main.m in Sources */,
				1173E5661C72CEAE004C9979 /* DFUserTimeLineViewController.m in Sources */,
				11E157981BC0293900F2F99A /* DFFaceManager.m in Sources */,
				11D758FB1BBA8C4C00F554D7 /* DFLineLikeItem.m in Sources */,
				1173E5701C72F451004C9979 /* DFUserLineCellManager.m in Sources */,
				1173E5231C71BAF0004C9979 /* DFPlainGridImageView.m in Sources */,
				1173E53B1C7210EA004C9979 /* DFVideoLineItem.m in Sources */,
				110D424D1BCF54CA00081824 /* MLClickColorLinkLabel.m in Sources */,
				65B64EC41D3F3157001CB990 /* TENSubjectShowDetailViewController.m in Sources */,
				11D759051BBAC8DD00F554D7 /* DFLikeCommentToolbar.m in Sources */,
				11D7584D1BB7D66300F554D7 /* DFBaseLineItem.m in Sources */,
				11D758F71BB8F36C00F554D7 /* DFLikeCommentView.m in Sources */,
				11E157CF1BC8F6E500F2F99A /* CommentInputView.m in Sources */,
				65B64EC71D3F5A67001CB990 /* TENBaseTimelineTableViewController.m in Sources */,
				1173E4F71C71834D004C9979 /* UserViewController.m in Sources */,
				1173E5691C72CEAE004C9979 /* DFBaseUserLineCell.m in Sources */,
				11D758521BB7D85D00F554D7 /* DFBaseLineCell.m in Sources */,
				11D758571BB7DACC00F554D7 /* DFTimeLineViewController.m in Sources */,
				11D758FE1BBA8C5D00F554D7 /* DFLineCommentItem.m in Sources */,
				65B64EBE1D3F1745001CB990 /* TENSubjectShowViewController.m in Sources */,
			);
			runOnlyForDeploymentPostprocessing = 0;
		};
/* End PBXSourcesBuildPhase section */

/* Begin XCBuildConfiguration section */
		11D758411BB7D43B00F554D7 /* Debug */ = {
			isa = XCBuildConfiguration;
			buildSettings = {
				ALWAYS_SEARCH_USER_PATHS = NO;
				CLANG_CXX_LANGUAGE_STANDARD = "gnu++0x";
				CLANG_CXX_LIBRARY = "libc++";
				CLANG_ENABLE_MODULES = YES;
				CLANG_ENABLE_OBJC_ARC = YES;
				CLANG_WARN_BOOL_CONVERSION = YES;
				CLANG_WARN_CONSTANT_CONVERSION = YES;
				CLANG_WARN_DIRECT_OBJC_ISA_USAGE = YES_ERROR;
				CLANG_WARN_EMPTY_BODY = YES;
				CLANG_WARN_ENUM_CONVERSION = YES;
				CLANG_WARN_INT_CONVERSION = YES;
				CLANG_WARN_OBJC_ROOT_CLASS = YES_ERROR;
				CLANG_WARN_UNREACHABLE_CODE = YES;
				CLANG_WARN__DUPLICATE_METHOD_MATCH = YES;
				"CODE_SIGN_IDENTITY[sdk=iphoneos*]" = "iPhone Developer";
				COPY_PHASE_STRIP = NO;
				DEBUG_INFORMATION_FORMAT = "dwarf-with-dsym";
				ENABLE_STRICT_OBJC_MSGSEND = YES;
				GCC_C_LANGUAGE_STANDARD = gnu99;
				GCC_DYNAMIC_NO_PIC = NO;
				GCC_NO_COMMON_BLOCKS = YES;
				GCC_OPTIMIZATION_LEVEL = 0;
				GCC_PREPROCESSOR_DEFINITIONS = (
					"DEBUG=1",
					"$(inherited)",
				);
				GCC_SYMBOLS_PRIVATE_EXTERN = NO;
				GCC_WARN_64_TO_32_BIT_CONVERSION = YES;
				GCC_WARN_ABOUT_RETURN_TYPE = YES_ERROR;
				GCC_WARN_UNDECLARED_SELECTOR = YES;
				GCC_WARN_UNINITIALIZED_AUTOS = YES_AGGRESSIVE;
				GCC_WARN_UNUSED_FUNCTION = YES;
				GCC_WARN_UNUSED_VARIABLE = YES;
				IPHONEOS_DEPLOYMENT_TARGET = 8.4;
				MTL_ENABLE_DEBUG_INFO = YES;
				ONLY_ACTIVE_ARCH = YES;
				SDKROOT = iphoneos;
			};
			name = Debug;
		};
		11D758421BB7D43B00F554D7 /* Release */ = {
			isa = XCBuildConfiguration;
			buildSettings = {
				ALWAYS_SEARCH_USER_PATHS = NO;
				CLANG_CXX_LANGUAGE_STANDARD = "gnu++0x";
				CLANG_CXX_LIBRARY = "libc++";
				CLANG_ENABLE_MODULES = YES;
				CLANG_ENABLE_OBJC_ARC = YES;
				CLANG_WARN_BOOL_CONVERSION = YES;
				CLANG_WARN_CONSTANT_CONVERSION = YES;
				CLANG_WARN_DIRECT_OBJC_ISA_USAGE = YES_ERROR;
				CLANG_WARN_EMPTY_BODY = YES;
				CLANG_WARN_ENUM_CONVERSION = YES;
				CLANG_WARN_INT_CONVERSION = YES;
				CLANG_WARN_OBJC_ROOT_CLASS = YES_ERROR;
				CLANG_WARN_UNREACHABLE_CODE = YES;
				CLANG_WARN__DUPLICATE_METHOD_MATCH = YES;
				"CODE_SIGN_IDENTITY[sdk=iphoneos*]" = "iPhone Developer";
				COPY_PHASE_STRIP = NO;
				DEBUG_INFORMATION_FORMAT = "dwarf-with-dsym";
				ENABLE_NS_ASSERTIONS = NO;
				ENABLE_STRICT_OBJC_MSGSEND = YES;
				GCC_C_LANGUAGE_STANDARD = gnu99;
				GCC_NO_COMMON_BLOCKS = YES;
				GCC_WARN_64_TO_32_BIT_CONVERSION = YES;
				GCC_WARN_ABOUT_RETURN_TYPE = YES_ERROR;
				GCC_WARN_UNDECLARED_SELECTOR = YES;
				GCC_WARN_UNINITIALIZED_AUTOS = YES_AGGRESSIVE;
				GCC_WARN_UNUSED_FUNCTION = YES;
				GCC_WARN_UNUSED_VARIABLE = YES;
				IPHONEOS_DEPLOYMENT_TARGET = 8.4;
				MTL_ENABLE_DEBUG_INFO = NO;
				SDKROOT = iphoneos;
				VALIDATE_PRODUCT = YES;
			};
			name = Release;
		};
		11D758441BB7D43B00F554D7 /* Debug */ = {
			isa = XCBuildConfiguration;
			baseConfigurationReference = 56800185CF8887378A48754C /* Pods-DFTimelineView.debug.xcconfig */;
			buildSettings = {
				ASSETCATALOG_COMPILER_APPICON_NAME = AppIcon;
				ASSETCATALOG_COMPILER_LAUNCHIMAGE_NAME = "Brand Assets";
				CODE_SIGN_IDENTITY = "iPhone Developer";
				"CODE_SIGN_IDENTITY[sdk=iphoneos*]" = "iPhone Developer";
				ENABLE_BITCODE = NO;
				GCC_PREFIX_HEADER = DFTimelineView/prefix.pch;
				INFOPLIST_FILE = DFTimelineView/Info.plist;
				IPHONEOS_DEPLOYMENT_TARGET = 7.0;
				LD_RUNPATH_SEARCH_PATHS = "$(inherited) @executable_path/Frameworks";
				PRODUCT_BUNDLE_IDENTIFIER = xyz.glrou.DFTimelineView;
				PRODUCT_NAME = "$(TARGET_NAME)";
				PROVISIONING_PROFILE = "";
			};
			name = Debug;
		};
		11D758451BB7D43B00F554D7 /* Release */ = {
			isa = XCBuildConfiguration;
			baseConfigurationReference = 9959D93D9FA03E08D9405FAE /* Pods-DFTimelineView.release.xcconfig */;
			buildSettings = {
				ASSETCATALOG_COMPILER_APPICON_NAME = AppIcon;
				ASSETCATALOG_COMPILER_LAUNCHIMAGE_NAME = "Brand Assets";
				CODE_SIGN_IDENTITY = "iPhone Developer";
				"CODE_SIGN_IDENTITY[sdk=iphoneos*]" = "iPhone Developer";
				ENABLE_BITCODE = NO;
				GCC_PREFIX_HEADER = DFTimelineView/prefix.pch;
				INFOPLIST_FILE = DFTimelineView/Info.plist;
				IPHONEOS_DEPLOYMENT_TARGET = 7.0;
				LD_RUNPATH_SEARCH_PATHS = "$(inherited) @executable_path/Frameworks";
				PRODUCT_BUNDLE_IDENTIFIER = xyz.glrou.DFTimelineView;
				PRODUCT_NAME = "$(TARGET_NAME)";
				PROVISIONING_PROFILE = "";
			};
			name = Release;
		};
/* End XCBuildConfiguration section */

/* Begin XCConfigurationList section */
		11D7581B1BB7D43B00F554D7 /* Build configuration list for PBXProject "DFTimelineView" */ = {
			isa = XCConfigurationList;
			buildConfigurations = (
				11D758411BB7D43B00F554D7 /* Debug */,
				11D758421BB7D43B00F554D7 /* Release */,
			);
			defaultConfigurationIsVisible = 0;
			defaultConfigurationName = Release;
		};
		11D758431BB7D43B00F554D7 /* Build configuration list for PBXNativeTarget "DFTimelineView" */ = {
			isa = XCConfigurationList;
			buildConfigurations = (
				11D758441BB7D43B00F554D7 /* Debug */,
				11D758451BB7D43B00F554D7 /* Release */,
			);
			defaultConfigurationIsVisible = 0;
			defaultConfigurationName = Release;
		};
/* End XCConfigurationList section */
	};
	rootObject = 11D758181BB7D43B00F554D7 /* Project object */;
}
