// !$*UTF8*$!
{
	archiveVersion = 1;
	classes = {
	};
	objectVersion = 46;
	objects = {

/* Begin PBXBuildFile section */
		110D424D1BCF54CA00081824 /* MLClickColorLinkLabel.m in Sources */ = {isa = PBXBuildFile; fileRef = 110D424C1BCF54CA00081824 /* MLClickColorLinkLabel.m */; };
		11D758261BB7D43B00F554D7 /* main.m in Sources */ = {isa = PBXBuildFile; fileRef = 11D758251BB7D43B00F554D7 /* main.m */; };
		11D758291BB7D43B00F554D7 /* AppDelegate.m in Sources */ = {isa = PBXBuildFile; fileRef = 11D758281BB7D43B00F554D7 /* AppDelegate.m */; };
		11D7582C1BB7D43B00F554D7 /* ViewController.m in Sources */ = {isa = PBXBuildFile; fileRef = 11D7582B1BB7D43B00F554D7 /* ViewController.m */; };
		11D758311BB7D43B00F554D7 /* Images.xcassets in Resources */ = {isa = PBXBuildFile; fileRef = 11D758301BB7D43B00F554D7 /* Images.xcassets */; };
		11D7584D1BB7D66300F554D7 /* DFBaseLineItem.m in Sources */ = {isa = PBXBuildFile; fileRef = 11D7584C1BB7D66300F554D7 /* DFBaseLineItem.m */; };
		11D758521BB7D85D00F554D7 /* DFBaseLineCell.m in Sources */ = {isa = PBXBuildFile; fileRef = 11D758511BB7D85D00F554D7 /* DFBaseLineCell.m */; };
		11D758571BB7DACC00F554D7 /* DFTimeLineViewController.m in Sources */ = {isa = PBXBuildFile; fileRef = 11D758561BB7DACC00F554D7 /* DFTimeLineViewController.m */; };
		11D758601BB7DCF700F554D7 /* DFTextImageLineCell.m in Sources */ = {isa = PBXBuildFile; fileRef = 11D7585F1BB7DCF700F554D7 /* DFTextImageLineCell.m */; };
		11D758661BB7E12800F554D7 /* DFTextImageLineItem.m in Sources */ = {isa = PBXBuildFile; fileRef = 11D758651BB7E12800F554D7 /* DFTextImageLineItem.m */; };
		11D758C71BB8216C00F554D7 /* DFGridImageView.m in Sources */ = {isa = PBXBuildFile; fileRef = 11D758C61BB8216C00F554D7 /* DFGridImageView.m */; };
		11D758CA1BB8385100F554D7 /* DFImageUnitView.m in Sources */ = {isa = PBXBuildFile; fileRef = 11D758C91BB8385100F554D7 /* DFImageUnitView.m */; };
		11D758EA1BB8E6C300F554D7 /* AlbumOperateMore@2x.png in Resources */ = {isa = PBXBuildFile; fileRef = 11D758E41BB8E6C300F554D7 /* AlbumOperateMore@2x.png */; };
		11D758EB1BB8E6C300F554D7 /* AlbumOperateMore@3x.png in Resources */ = {isa = PBXBuildFile; fileRef = 11D758E51BB8E6C300F554D7 /* AlbumOperateMore@3x.png */; };
		11D758EC1BB8E6C300F554D7 /* AlbumOperateMoreHL@2x.png in Resources */ = {isa = PBXBuildFile; fileRef = 11D758E61BB8E6C300F554D7 /* AlbumOperateMoreHL@2x.png */; };
		11D758ED1BB8E6C300F554D7 /* AlbumOperateMoreHL@3x.png in Resources */ = {isa = PBXBuildFile; fileRef = 11D758E71BB8E6C300F554D7 /* AlbumOperateMoreHL@3x.png */; };
		11D758EE1BB8E6C300F554D7 /* Like@2x.png in Resources */ = {isa = PBXBuildFile; fileRef = 11D758E81BB8E6C300F554D7 /* Like@2x.png */; };
		11D758EF1BB8E6C300F554D7 /* Like@3x.png in Resources */ = {isa = PBXBuildFile; fileRef = 11D758E91BB8E6C300F554D7 /* Like@3x.png */; };
		11D758F21BB8EA5E00F554D7 /* LikeCmtBg@2x.png in Resources */ = {isa = PBXBuildFile; fileRef = 11D758F01BB8EA5E00F554D7 /* LikeCmtBg@2x.png */; };
		11D758F31BB8EA5E00F554D7 /* LikeCmtBg@3x.png in Resources */ = {isa = PBXBuildFile; fileRef = 11D758F11BB8EA5E00F554D7 /* LikeCmtBg@3x.png */; };
		11D758F71BB8F36C00F554D7 /* DFLikeCommentView.m in Sources */ = {isa = PBXBuildFile; fileRef = 11D758F61BB8F36C00F554D7 /* DFLikeCommentView.m */; };
		11D758FB1BBA8C4C00F554D7 /* DFLineLikeItem.m in Sources */ = {isa = PBXBuildFile; fileRef = 11D758FA1BBA8C4C00F554D7 /* DFLineLikeItem.m */; };
		11D758FE1BBA8C5D00F554D7 /* DFLineCommentItem.m in Sources */ = {isa = PBXBuildFile; fileRef = 11D758FD1BBA8C5D00F554D7 /* DFLineCommentItem.m */; };
		11D759051BBAC8DD00F554D7 /* DFLikeCommentToolbar.m in Sources */ = {isa = PBXBuildFile; fileRef = 11D759041BBAC8DD00F554D7 /* DFLikeCommentToolbar.m */; };
		11D7590B1BBACC2700F554D7 /* AlbumComment@2x.png in Resources */ = {isa = PBXBuildFile; fileRef = 11D759061BBACC2700F554D7 /* AlbumComment@2x.png */; };
		11D7590C1BBACC2700F554D7 /* AlbumComment@3x.png in Resources */ = {isa = PBXBuildFile; fileRef = 11D759071BBACC2700F554D7 /* AlbumComment@3x.png */; };
		11D7590D1BBACC2700F554D7 /* AlbumLike@2x.png in Resources */ = {isa = PBXBuildFile; fileRef = 11D759081BBACC2700F554D7 /* AlbumLike@2x.png */; };
		11D7590E1BBACC2700F554D7 /* AlbumLike@3x.png in Resources */ = {isa = PBXBuildFile; fileRef = 11D759091BBACC2700F554D7 /* AlbumLike@3x.png */; };
		11D7590F1BBACC2700F554D7 /* AlbumOperateMoreViewBkg@2x.png in Resources */ = {isa = PBXBuildFile; fileRef = 11D7590A1BBACC2700F554D7 /* AlbumOperateMoreViewBkg@2x.png */; };
		11E157981BC0293900F2F99A /* DFFaceManager.m in Sources */ = {isa = PBXBuildFile; fileRef = 11E157971BC0293900F2F99A /* DFFaceManager.m */; };
		11E157CF1BC8F6E500F2F99A /* CommentInputView.m in Sources */ = {isa = PBXBuildFile; fileRef = 11E157CE1BC8F6E500F2F99A /* CommentInputView.m */; };
		11F07F951BCF93970084DAA3 /* DFUserTimeLineViewController.m in Sources */ = {isa = PBXBuildFile; fileRef = 11F07F941BCF93970084DAA3 /* DFUserTimeLineViewController.m */; };
		11F07F9B1BCF95E40084DAA3 /* UserTimelineViewController.m in Sources */ = {isa = PBXBuildFile; fileRef = 11F07F9A1BCF95E40084DAA3 /* UserTimelineViewController.m */; };
		11F07F9E1BCF9BBE0084DAA3 /* DFBaseTimeLineViewController.m in Sources */ = {isa = PBXBuildFile; fileRef = 11F07F9D1BCF9BBE0084DAA3 /* DFBaseTimeLineViewController.m */; };
		11F07FAA1BCFA42D0084DAA3 /* DFBaseLineCellAdapter.m in Sources */ = {isa = PBXBuildFile; fileRef = 11F07FA51BCFA42D0084DAA3 /* DFBaseLineCellAdapter.m */; };
		11F07FAB1BCFA42D0084DAA3 /* DFLineCellAdapterManager.m in Sources */ = {isa = PBXBuildFile; fileRef = 11F07FA71BCFA42D0084DAA3 /* DFLineCellAdapterManager.m */; };
		11F07FAC1BCFA42D0084DAA3 /* DFTextImageLineCellAdapter.m in Sources */ = {isa = PBXBuildFile; fileRef = 11F07FA91BCFA42D0084DAA3 /* DFTextImageLineCellAdapter.m */; };
		11F07FB41BCFA6B80084DAA3 /* DFBaseUserLineItem.m in Sources */ = {isa = PBXBuildFile; fileRef = 11F07FB31BCFA6B80084DAA3 /* DFBaseUserLineItem.m */; };
		11F07FB81BCFA6DE0084DAA3 /* DFBaseUserLineCellAdapter.m in Sources */ = {isa = PBXBuildFile; fileRef = 11F07FB71BCFA6DE0084DAA3 /* DFBaseUserLineCellAdapter.m */; };
		11F07FBC1BCFA7290084DAA3 /* DFBaseUserLineCell.m in Sources */ = {isa = PBXBuildFile; fileRef = 11F07FBB1BCFA7290084DAA3 /* DFBaseUserLineCell.m */; };
		11F07FBF1BCFA7D10084DAA3 /* DFTextImageUserLineCell.m in Sources */ = {isa = PBXBuildFile; fileRef = 11F07FBE1BCFA7D10084DAA3 /* DFTextImageUserLineCell.m */; };
		11F07FC21BCFA84C0084DAA3 /* DFTextImageUserLineItem.m in Sources */ = {isa = PBXBuildFile; fileRef = 11F07FC11BCFA84C0084DAA3 /* DFTextImageUserLineItem.m */; };
		11F07FC51BCFA8BF0084DAA3 /* DFTextImageUserLineCellAdapter.m in Sources */ = {isa = PBXBuildFile; fileRef = 11F07FC41BCFA8BF0084DAA3 /* DFTextImageUserLineCellAdapter.m */; };
		11F07FC81BCFA98E0084DAA3 /* DFUserLineCellAdapterManager.m in Sources */ = {isa = PBXBuildFile; fileRef = 11F07FC71BCFA98E0084DAA3 /* DFUserLineCellAdapterManager.m */; };
		FDBBC1BA891E2AED5A17C223 /* libPods.a in Frameworks */ = {isa = PBXBuildFile; fileRef = DA7388AAC42C4B4A3183F925 /* libPods.a */; };
/* End PBXBuildFile section */

/* Begin PBXFileReference section */
		110D424B1BCF54CA00081824 /* MLClickColorLinkLabel.h */ = {isa = PBXFileReference; fileEncoding = 4; lastKnownFileType = sourcecode.c.h; path = MLClickColorLinkLabel.h; sourceTree = "<group>"; };
		110D424C1BCF54CA00081824 /* MLClickColorLinkLabel.m */ = {isa = PBXFileReference; fileEncoding = 4; lastKnownFileType = sourcecode.c.objc; path = MLClickColorLinkLabel.m; sourceTree = "<group>"; };
		11D758201BB7D43B00F554D7 /* DFTimelineView.app */ = {isa = PBXFileReference; explicitFileType = wrapper.application; includeInIndex = 0; path = DFTimelineView.app; sourceTree = BUILT_PRODUCTS_DIR; };
		11D758241BB7D43B00F554D7 /* Info.plist */ = {isa = PBXFileReference; lastKnownFileType = text.plist.xml; path = Info.plist; sourceTree = "<group>"; };
		11D758251BB7D43B00F554D7 /* main.m */ = {isa = PBXFileReference; lastKnownFileType = sourcecode.c.objc; path = main.m; sourceTree = "<group>"; };
		11D758271BB7D43B00F554D7 /* AppDelegate.h */ = {isa = PBXFileReference; lastKnownFileType = sourcecode.c.h; path = AppDelegate.h; sourceTree = "<group>"; };
		11D758281BB7D43B00F554D7 /* AppDelegate.m */ = {isa = PBXFileReference; lastKnownFileType = sourcecode.c.objc; path = AppDelegate.m; sourceTree = "<group>"; };
		11D7582A1BB7D43B00F554D7 /* ViewController.h */ = {isa = PBXFileReference; lastKnownFileType = sourcecode.c.h; path = ViewController.h; sourceTree = "<group>"; };
		11D7582B1BB7D43B00F554D7 /* ViewController.m */ = {isa = PBXFileReference; lastKnownFileType = sourcecode.c.objc; path = ViewController.m; sourceTree = "<group>"; };
		11D758301BB7D43B00F554D7 /* Images.xcassets */ = {isa = PBXFileReference; lastKnownFileType = folder.assetcatalog; path = Images.xcassets; sourceTree = "<group>"; };
		11D7584B1BB7D66300F554D7 /* DFBaseLineItem.h */ = {isa = PBXFileReference; fileEncoding = 4; lastKnownFileType = sourcecode.c.h; path = DFBaseLineItem.h; sourceTree = "<group>"; };
		11D7584C1BB7D66300F554D7 /* DFBaseLineItem.m */ = {isa = PBXFileReference; fileEncoding = 4; lastKnownFileType = sourcecode.c.objc; path = DFBaseLineItem.m; sourceTree = "<group>"; };
		11D7584E1BB7D69700F554D7 /* prefix.pch */ = {isa = PBXFileReference; lastKnownFileType = sourcecode.c.h; path = prefix.pch; sourceTree = "<group>"; };
		11D758501BB7D85D00F554D7 /* DFBaseLineCell.h */ = {isa = PBXFileReference; fileEncoding = 4; lastKnownFileType = sourcecode.c.h; path = DFBaseLineCell.h; sourceTree = "<group>"; };
		11D758511BB7D85D00F554D7 /* DFBaseLineCell.m */ = {isa = PBXFileReference; fileEncoding = 4; lastKnownFileType = sourcecode.c.objc; path = DFBaseLineCell.m; sourceTree = "<group>"; };
		11D758551BB7DACC00F554D7 /* DFTimeLineViewController.h */ = {isa = PBXFileReference; fileEncoding = 4; lastKnownFileType = sourcecode.c.h; path = DFTimeLineViewController.h; sourceTree = "<group>"; };
		11D758561BB7DACC00F554D7 /* DFTimeLineViewController.m */ = {isa = PBXFileReference; fileEncoding = 4; lastKnownFileType = sourcecode.c.objc; path = DFTimeLineViewController.m; sourceTree = "<group>"; };
		11D7585E1BB7DCF700F554D7 /* DFTextImageLineCell.h */ = {isa = PBXFileReference; fileEncoding = 4; lastKnownFileType = sourcecode.c.h; path = DFTextImageLineCell.h; sourceTree = "<group>"; };
		11D7585F1BB7DCF700F554D7 /* DFTextImageLineCell.m */ = {isa = PBXFileReference; fileEncoding = 4; lastKnownFileType = sourcecode.c.objc; path = DFTextImageLineCell.m; sourceTree = "<group>"; };
		11D758641BB7E12800F554D7 /* DFTextImageLineItem.h */ = {isa = PBXFileReference; fileEncoding = 4; lastKnownFileType = sourcecode.c.h; path = DFTextImageLineItem.h; sourceTree = "<group>"; };
		11D758651BB7E12800F554D7 /* DFTextImageLineItem.m */ = {isa = PBXFileReference; fileEncoding = 4; lastKnownFileType = sourcecode.c.objc; path = DFTextImageLineItem.m; sourceTree = "<group>"; };
		11D758C51BB8216C00F554D7 /* DFGridImageView.h */ = {isa = PBXFileReference; fileEncoding = 4; lastKnownFileType = sourcecode.c.h; path = DFGridImageView.h; sourceTree = "<group>"; };
		11D758C61BB8216C00F554D7 /* DFGridImageView.m */ = {isa = PBXFileReference; fileEncoding = 4; lastKnownFileType = sourcecode.c.objc; path = DFGridImageView.m; sourceTree = "<group>"; };
		11D758C81BB8385100F554D7 /* DFImageUnitView.h */ = {isa = PBXFileReference; fileEncoding = 4; lastKnownFileType = sourcecode.c.h; path = DFImageUnitView.h; sourceTree = "<group>"; };
		11D758C91BB8385100F554D7 /* DFImageUnitView.m */ = {isa = PBXFileReference; fileEncoding = 4; lastKnownFileType = sourcecode.c.objc; path = DFImageUnitView.m; sourceTree = "<group>"; };
		11D758E41BB8E6C300F554D7 /* AlbumOperateMore@2x.png */ = {isa = PBXFileReference; lastKnownFileType = image.png; path = "AlbumOperateMore@2x.png"; sourceTree = "<group>"; };
		11D758E51BB8E6C300F554D7 /* AlbumOperateMore@3x.png */ = {isa = PBXFileReference; lastKnownFileType = image.png; path = "AlbumOperateMore@3x.png"; sourceTree = "<group>"; };
		11D758E61BB8E6C300F554D7 /* AlbumOperateMoreHL@2x.png */ = {isa = PBXFileReference; lastKnownFileType = image.png; path = "AlbumOperateMoreHL@2x.png"; sourceTree = "<group>"; };
		11D758E71BB8E6C300F554D7 /* AlbumOperateMoreHL@3x.png */ = {isa = PBXFileReference; lastKnownFileType = image.png; path = "AlbumOperateMoreHL@3x.png"; sourceTree = "<group>"; };
		11D758E81BB8E6C300F554D7 /* Like@2x.png */ = {isa = PBXFileReference; lastKnownFileType = image.png; path = "Like@2x.png"; sourceTree = "<group>"; };
		11D758E91BB8E6C300F554D7 /* Like@3x.png */ = {isa = PBXFileReference; lastKnownFileType = image.png; path = "Like@3x.png"; sourceTree = "<group>"; };
		11D758F01BB8EA5E00F554D7 /* LikeCmtBg@2x.png */ = {isa = PBXFileReference; lastKnownFileType = image.png; path = "LikeCmtBg@2x.png"; sourceTree = "<group>"; };
		11D758F11BB8EA5E00F554D7 /* LikeCmtBg@3x.png */ = {isa = PBXFileReference; lastKnownFileType = image.png; path = "LikeCmtBg@3x.png"; sourceTree = "<group>"; };
		11D758F51BB8F36C00F554D7 /* DFLikeCommentView.h */ = {isa = PBXFileReference; fileEncoding = 4; lastKnownFileType = sourcecode.c.h; path = DFLikeCommentView.h; sourceTree = "<group>"; };
		11D758F61BB8F36C00F554D7 /* DFLikeCommentView.m */ = {isa = PBXFileReference; fileEncoding = 4; lastKnownFileType = sourcecode.c.objc; path = DFLikeCommentView.m; sourceTree = "<group>"; };
		11D758F91BBA8C4C00F554D7 /* DFLineLikeItem.h */ = {isa = PBXFileReference; fileEncoding = 4; lastKnownFileType = sourcecode.c.h; path = DFLineLikeItem.h; sourceTree = "<group>"; };
		11D758FA1BBA8C4C00F554D7 /* DFLineLikeItem.m */ = {isa = PBXFileReference; fileEncoding = 4; lastKnownFileType = sourcecode.c.objc; path = DFLineLikeItem.m; sourceTree = "<group>"; };
		11D758FC1BBA8C5D00F554D7 /* DFLineCommentItem.h */ = {isa = PBXFileReference; fileEncoding = 4; lastKnownFileType = sourcecode.c.h; path = DFLineCommentItem.h; sourceTree = "<group>"; };
		11D758FD1BBA8C5D00F554D7 /* DFLineCommentItem.m */ = {isa = PBXFileReference; fileEncoding = 4; lastKnownFileType = sourcecode.c.objc; path = DFLineCommentItem.m; sourceTree = "<group>"; };
		11D759031BBAC8DD00F554D7 /* DFLikeCommentToolbar.h */ = {isa = PBXFileReference; fileEncoding = 4; lastKnownFileType = sourcecode.c.h; path = DFLikeCommentToolbar.h; sourceTree = "<group>"; };
		11D759041BBAC8DD00F554D7 /* DFLikeCommentToolbar.m */ = {isa = PBXFileReference; fileEncoding = 4; lastKnownFileType = sourcecode.c.objc; path = DFLikeCommentToolbar.m; sourceTree = "<group>"; };
		11D759061BBACC2700F554D7 /* AlbumComment@2x.png */ = {isa = PBXFileReference; lastKnownFileType = image.png; path = "AlbumComment@2x.png"; sourceTree = "<group>"; };
		11D759071BBACC2700F554D7 /* AlbumComment@3x.png */ = {isa = PBXFileReference; lastKnownFileType = image.png; path = "AlbumComment@3x.png"; sourceTree = "<group>"; };
		11D759081BBACC2700F554D7 /* AlbumLike@2x.png */ = {isa = PBXFileReference; lastKnownFileType = image.png; path = "AlbumLike@2x.png"; sourceTree = "<group>"; };
		11D759091BBACC2700F554D7 /* AlbumLike@3x.png */ = {isa = PBXFileReference; lastKnownFileType = image.png; path = "AlbumLike@3x.png"; sourceTree = "<group>"; };
		11D7590A1BBACC2700F554D7 /* AlbumOperateMoreViewBkg@2x.png */ = {isa = PBXFileReference; lastKnownFileType = image.png; path = "AlbumOperateMoreViewBkg@2x.png"; sourceTree = "<group>"; };
		11D75AA41BBD7AF700F554D7 /* Const.h */ = {isa = PBXFileReference; lastKnownFileType = sourcecode.c.h; path = Const.h; sourceTree = "<group>"; };
		11E157961BC0293900F2F99A /* DFFaceManager.h */ = {isa = PBXFileReference; fileEncoding = 4; lastKnownFileType = sourcecode.c.h; path = DFFaceManager.h; sourceTree = "<group>"; };
		11E157971BC0293900F2F99A /* DFFaceManager.m */ = {isa = PBXFileReference; fileEncoding = 4; lastKnownFileType = sourcecode.c.objc; path = DFFaceManager.m; sourceTree = "<group>"; };
		11E157CD1BC8F6E500F2F99A /* CommentInputView.h */ = {isa = PBXFileReference; fileEncoding = 4; lastKnownFileType = sourcecode.c.h; path = CommentInputView.h; sourceTree = "<group>"; };
		11E157CE1BC8F6E500F2F99A /* CommentInputView.m */ = {isa = PBXFileReference; fileEncoding = 4; lastKnownFileType = sourcecode.c.objc; path = CommentInputView.m; sourceTree = "<group>"; };
		11F07F931BCF93970084DAA3 /* DFUserTimeLineViewController.h */ = {isa = PBXFileReference; fileEncoding = 4; lastKnownFileType = sourcecode.c.h; path = DFUserTimeLineViewController.h; sourceTree = "<group>"; };
		11F07F941BCF93970084DAA3 /* DFUserTimeLineViewController.m */ = {isa = PBXFileReference; fileEncoding = 4; lastKnownFileType = sourcecode.c.objc; path = DFUserTimeLineViewController.m; sourceTree = "<group>"; };
		11F07F991BCF95E40084DAA3 /* UserTimelineViewController.h */ = {isa = PBXFileReference; fileEncoding = 4; lastKnownFileType = sourcecode.c.h; path = UserTimelineViewController.h; sourceTree = "<group>"; };
		11F07F9A1BCF95E40084DAA3 /* UserTimelineViewController.m */ = {isa = PBXFileReference; fileEncoding = 4; lastKnownFileType = sourcecode.c.objc; path = UserTimelineViewController.m; sourceTree = "<group>"; };
		11F07F9C1BCF9BBD0084DAA3 /* DFBaseTimeLineViewController.h */ = {isa = PBXFileReference; fileEncoding = 4; lastKnownFileType = sourcecode.c.h; path = DFBaseTimeLineViewController.h; sourceTree = "<group>"; };
		11F07F9D1BCF9BBE0084DAA3 /* DFBaseTimeLineViewController.m */ = {isa = PBXFileReference; fileEncoding = 4; lastKnownFileType = sourcecode.c.objc; path = DFBaseTimeLineViewController.m; sourceTree = "<group>"; };
		11F07FA41BCFA42D0084DAA3 /* DFBaseLineCellAdapter.h */ = {isa = PBXFileReference; fileEncoding = 4; lastKnownFileType = sourcecode.c.h; path = DFBaseLineCellAdapter.h; sourceTree = "<group>"; };
		11F07FA51BCFA42D0084DAA3 /* DFBaseLineCellAdapter.m */ = {isa = PBXFileReference; fileEncoding = 4; lastKnownFileType = sourcecode.c.objc; path = DFBaseLineCellAdapter.m; sourceTree = "<group>"; };
		11F07FA61BCFA42D0084DAA3 /* DFLineCellAdapterManager.h */ = {isa = PBXFileReference; fileEncoding = 4; lastKnownFileType = sourcecode.c.h; path = DFLineCellAdapterManager.h; sourceTree = "<group>"; };
		11F07FA71BCFA42D0084DAA3 /* DFLineCellAdapterManager.m */ = {isa = PBXFileReference; fileEncoding = 4; lastKnownFileType = sourcecode.c.objc; path = DFLineCellAdapterManager.m; sourceTree = "<group>"; };
		11F07FA81BCFA42D0084DAA3 /* DFTextImageLineCellAdapter.h */ = {isa = PBXFileReference; fileEncoding = 4; lastKnownFileType = sourcecode.c.h; path = DFTextImageLineCellAdapter.h; sourceTree = "<group>"; };
		11F07FA91BCFA42D0084DAA3 /* DFTextImageLineCellAdapter.m */ = {isa = PBXFileReference; fileEncoding = 4; lastKnownFileType = sourcecode.c.objc; path = DFTextImageLineCellAdapter.m; sourceTree = "<group>"; };
		11F07FB21BCFA6B80084DAA3 /* DFBaseUserLineItem.h */ = {isa = PBXFileReference; fileEncoding = 4; lastKnownFileType = sourcecode.c.h; path = DFBaseUserLineItem.h; sourceTree = "<group>"; };
		11F07FB31BCFA6B80084DAA3 /* DFBaseUserLineItem.m */ = {isa = PBXFileReference; fileEncoding = 4; lastKnownFileType = sourcecode.c.objc; path = DFBaseUserLineItem.m; sourceTree = "<group>"; };
		11F07FB61BCFA6DE0084DAA3 /* DFBaseUserLineCellAdapter.h */ = {isa = PBXFileReference; fileEncoding = 4; lastKnownFileType = sourcecode.c.h; path = DFBaseUserLineCellAdapter.h; sourceTree = "<group>"; };
		11F07FB71BCFA6DE0084DAA3 /* DFBaseUserLineCellAdapter.m */ = {isa = PBXFileReference; fileEncoding = 4; lastKnownFileType = sourcecode.c.objc; path = DFBaseUserLineCellAdapter.m; sourceTree = "<group>"; };
		11F07FBA1BCFA7290084DAA3 /* DFBaseUserLineCell.h */ = {isa = PBXFileReference; fileEncoding = 4; lastKnownFileType = sourcecode.c.h; path = DFBaseUserLineCell.h; sourceTree = "<group>"; };
		11F07FBB1BCFA7290084DAA3 /* DFBaseUserLineCell.m */ = {isa = PBXFileReference; fileEncoding = 4; lastKnownFileType = sourcecode.c.objc; path = DFBaseUserLineCell.m; sourceTree = "<group>"; };
		11F07FBD1BCFA7D10084DAA3 /* DFTextImageUserLineCell.h */ = {isa = PBXFileReference; fileEncoding = 4; lastKnownFileType = sourcecode.c.h; path = DFTextImageUserLineCell.h; sourceTree = "<group>"; };
		11F07FBE1BCFA7D10084DAA3 /* DFTextImageUserLineCell.m */ = {isa = PBXFileReference; fileEncoding = 4; lastKnownFileType = sourcecode.c.objc; path = DFTextImageUserLineCell.m; sourceTree = "<group>"; };
		11F07FC01BCFA84C0084DAA3 /* DFTextImageUserLineItem.h */ = {isa = PBXFileReference; fileEncoding = 4; lastKnownFileType = sourcecode.c.h; path = DFTextImageUserLineItem.h; sourceTree = "<group>"; };
		11F07FC11BCFA84C0084DAA3 /* DFTextImageUserLineItem.m */ = {isa = PBXFileReference; fileEncoding = 4; lastKnownFileType = sourcecode.c.objc; path = DFTextImageUserLineItem.m; sourceTree = "<group>"; };
		11F07FC31BCFA8BF0084DAA3 /* DFTextImageUserLineCellAdapter.h */ = {isa = PBXFileReference; fileEncoding = 4; lastKnownFileType = sourcecode.c.h; path = DFTextImageUserLineCellAdapter.h; sourceTree = "<group>"; };
		11F07FC41BCFA8BF0084DAA3 /* DFTextImageUserLineCellAdapter.m */ = {isa = PBXFileReference; fileEncoding = 4; lastKnownFileType = sourcecode.c.objc; path = DFTextImageUserLineCellAdapter.m; sourceTree = "<group>"; };
		11F07FC61BCFA98E0084DAA3 /* DFUserLineCellAdapterManager.h */ = {isa = PBXFileReference; fileEncoding = 4; lastKnownFileType = sourcecode.c.h; path = DFUserLineCellAdapterManager.h; sourceTree = "<group>"; };
		11F07FC71BCFA98E0084DAA3 /* DFUserLineCellAdapterManager.m */ = {isa = PBXFileReference; fileEncoding = 4; lastKnownFileType = sourcecode.c.objc; path = DFUserLineCellAdapterManager.m; sourceTree = "<group>"; };
		22443A8775E23D18891FEAC9 /* Pods.debug.xcconfig */ = {isa = PBXFileReference; includeInIndex = 1; lastKnownFileType = text.xcconfig; name = Pods.debug.xcconfig; path = "Pods/Target Support Files/Pods/Pods.debug.xcconfig"; sourceTree = "<group>"; };
		A2A89A39EA353891C22903B7 /* Pods.release.xcconfig */ = {isa = PBXFileReference; includeInIndex = 1; lastKnownFileType = text.xcconfig; name = Pods.release.xcconfig; path = "Pods/Target Support Files/Pods/Pods.release.xcconfig"; sourceTree = "<group>"; };
		DA7388AAC42C4B4A3183F925 /* libPods.a */ = {isa = PBXFileReference; explicitFileType = archive.ar; includeInIndex = 0; path = libPods.a; sourceTree = BUILT_PRODUCTS_DIR; };
/* End PBXFileReference section */

/* Begin PBXFrameworksBuildPhase section */
		11D7581D1BB7D43B00F554D7 /* Frameworks */ = {
			isa = PBXFrameworksBuildPhase;
			buildActionMask = 2147483647;
			files = (
				FDBBC1BA891E2AED5A17C223 /* libPods.a in Frameworks */,
			);
			runOnlyForDeploymentPostprocessing = 0;
		};
/* End PBXFrameworksBuildPhase section */

/* Begin PBXGroup section */
		021C283331FA8D983A6E3F5E /* Frameworks */ = {
			isa = PBXGroup;
			children = (
				DA7388AAC42C4B4A3183F925 /* libPods.a */,
			);
			name = Frameworks;
			sourceTree = "<group>";
		};
		11D758171BB7D43B00F554D7 = {
			isa = PBXGroup;
			children = (
				11D758221BB7D43B00F554D7 /* DFTimelineView */,
				11D758211BB7D43B00F554D7 /* Products */,
				80C4F7CEF958C1F2DD0212BC /* Pods */,
				021C283331FA8D983A6E3F5E /* Frameworks */,
			);
			sourceTree = "<group>";
		};
		11D758211BB7D43B00F554D7 /* Products */ = {
			isa = PBXGroup;
			children = (
				11D758201BB7D43B00F554D7 /* DFTimelineView.app */,
			);
			name = Products;
			sourceTree = "<group>";
		};
		11D758221BB7D43B00F554D7 /* DFTimelineView */ = {
			isa = PBXGroup;
			children = (
				11D758491BB7D5E500F554D7 /* DFTimelineView */,
				11D758271BB7D43B00F554D7 /* AppDelegate.h */,
				11D758281BB7D43B00F554D7 /* AppDelegate.m */,
				11D7582A1BB7D43B00F554D7 /* ViewController.h */,
				11D7582B1BB7D43B00F554D7 /* ViewController.m */,
				11F07F991BCF95E40084DAA3 /* UserTimelineViewController.h */,
				11F07F9A1BCF95E40084DAA3 /* UserTimelineViewController.m */,
				11D758301BB7D43B00F554D7 /* Images.xcassets */,
				11D758231BB7D43B00F554D7 /* Supporting Files */,
				11D7584E1BB7D69700F554D7 /* prefix.pch */,
			);
			path = DFTimelineView;
			sourceTree = "<group>";
		};
		11D758231BB7D43B00F554D7 /* Supporting Files */ = {
			isa = PBXGroup;
			children = (
				11D758241BB7D43B00F554D7 /* Info.plist */,
				11D758251BB7D43B00F554D7 /* main.m */,
			);
			name = "Supporting Files";
			sourceTree = "<group>";
		};
		11D758491BB7D5E500F554D7 /* DFTimelineView */ = {
			isa = PBXGroup;
			children = (
				11F07FA31BCFA42D0084DAA3 /* Adapter */,
				11D75AA31BBD7AE700F554D7 /* Define */,
				11D758E31BB8E6C300F554D7 /* Resource */,
				11D758671BB7E71400F554D7 /* Lib */,
				11D758531BB7DA4100F554D7 /* Controller */,
				11D7584F1BB7D81500F554D7 /* View */,
				11D7584A1BB7D63A00F554D7 /* Item */,
			);
			path = DFTimelineView;
			sourceTree = "<group>";
		};
		11D7584A1BB7D63A00F554D7 /* Item */ = {
			isa = PBXGroup;
			children = (
				11F07FB11BCFA6B80084DAA3 /* User */,
				11D758F81BBA8C3100F554D7 /* LikeComment */,
				11D7584B1BB7D66300F554D7 /* DFBaseLineItem.h */,
				11D7584C1BB7D66300F554D7 /* DFBaseLineItem.m */,
				11D758641BB7E12800F554D7 /* DFTextImageLineItem.h */,
				11D758651BB7E12800F554D7 /* DFTextImageLineItem.m */,
			);
			path = Item;
			sourceTree = "<group>";
		};
		11D7584F1BB7D81500F554D7 /* View */ = {
			isa = PBXGroup;
			children = (
				11F07FB91BCFA6FE0084DAA3 /* User */,
				11E157CC1BC8F6D400F2F99A /* CommentInputView */,
				11D759021BBAC8B400F554D7 /* LikeCommentToolbar */,
				11D758F41BB8F35000F554D7 /* LikeCommentView */,
				11D758C41BB8213A00F554D7 /* DFGridImageView */,
				11D758501BB7D85D00F554D7 /* DFBaseLineCell.h */,
				11D758511BB7D85D00F554D7 /* DFBaseLineCell.m */,
				11D7585E1BB7DCF700F554D7 /* DFTextImageLineCell.h */,
				11D7585F1BB7DCF700F554D7 /* DFTextImageLineCell.m */,
			);
			path = View;
			sourceTree = "<group>";
		};
		11D758531BB7DA4100F554D7 /* Controller */ = {
			isa = PBXGroup;
			children = (
				11F07F9C1BCF9BBD0084DAA3 /* DFBaseTimeLineViewController.h */,
				11F07F9D1BCF9BBE0084DAA3 /* DFBaseTimeLineViewController.m */,
				11D758551BB7DACC00F554D7 /* DFTimeLineViewController.h */,
				11D758561BB7DACC00F554D7 /* DFTimeLineViewController.m */,
				11F07F931BCF93970084DAA3 /* DFUserTimeLineViewController.h */,
				11F07F941BCF93970084DAA3 /* DFUserTimeLineViewController.m */,
			);
			path = Controller;
			sourceTree = "<group>";
		};
		11D758671BB7E71400F554D7 /* Lib */ = {
			isa = PBXGroup;
			children = (
				11E157961BC0293900F2F99A /* DFFaceManager.h */,
				11E157971BC0293900F2F99A /* DFFaceManager.m */,
			);
			path = Lib;
			sourceTree = "<group>";
		};
		11D758C41BB8213A00F554D7 /* DFGridImageView */ = {
			isa = PBXGroup;
			children = (
				11D758C51BB8216C00F554D7 /* DFGridImageView.h */,
				11D758C61BB8216C00F554D7 /* DFGridImageView.m */,
				11D758C81BB8385100F554D7 /* DFImageUnitView.h */,
				11D758C91BB8385100F554D7 /* DFImageUnitView.m */,
			);
			path = DFGridImageView;
			sourceTree = "<group>";
		};
		11D758E31BB8E6C300F554D7 /* Resource */ = {
			isa = PBXGroup;
			children = (
				11D759061BBACC2700F554D7 /* AlbumComment@2x.png */,
				11D759071BBACC2700F554D7 /* AlbumComment@3x.png */,
				11D759081BBACC2700F554D7 /* AlbumLike@2x.png */,
				11D759091BBACC2700F554D7 /* AlbumLike@3x.png */,
				11D7590A1BBACC2700F554D7 /* AlbumOperateMoreViewBkg@2x.png */,
				11D758F01BB8EA5E00F554D7 /* LikeCmtBg@2x.png */,
				11D758F11BB8EA5E00F554D7 /* LikeCmtBg@3x.png */,
				11D758E41BB8E6C300F554D7 /* AlbumOperateMore@2x.png */,
				11D758E51BB8E6C300F554D7 /* AlbumOperateMore@3x.png */,
				11D758E61BB8E6C300F554D7 /* AlbumOperateMoreHL@2x.png */,
				11D758E71BB8E6C300F554D7 /* AlbumOperateMoreHL@3x.png */,
				11D758E81BB8E6C300F554D7 /* Like@2x.png */,
				11D758E91BB8E6C300F554D7 /* Like@3x.png */,
			);
			path = Resource;
			sourceTree = "<group>";
		};
		11D758F41BB8F35000F554D7 /* LikeCommentView */ = {
			isa = PBXGroup;
			children = (
				11D758F51BB8F36C00F554D7 /* DFLikeCommentView.h */,
				11D758F61BB8F36C00F554D7 /* DFLikeCommentView.m */,
				110D424B1BCF54CA00081824 /* MLClickColorLinkLabel.h */,
				110D424C1BCF54CA00081824 /* MLClickColorLinkLabel.m */,
			);
			path = LikeCommentView;
			sourceTree = "<group>";
		};
		11D758F81BBA8C3100F554D7 /* LikeComment */ = {
			isa = PBXGroup;
			children = (
				11D758F91BBA8C4C00F554D7 /* DFLineLikeItem.h */,
				11D758FA1BBA8C4C00F554D7 /* DFLineLikeItem.m */,
				11D758FC1BBA8C5D00F554D7 /* DFLineCommentItem.h */,
				11D758FD1BBA8C5D00F554D7 /* DFLineCommentItem.m */,
			);
			path = LikeComment;
			sourceTree = "<group>";
		};
		11D759021BBAC8B400F554D7 /* LikeCommentToolbar */ = {
			isa = PBXGroup;
			children = (
				11D759031BBAC8DD00F554D7 /* DFLikeCommentToolbar.h */,
				11D759041BBAC8DD00F554D7 /* DFLikeCommentToolbar.m */,
			);
			path = LikeCommentToolbar;
			sourceTree = "<group>";
		};
		11D75AA31BBD7AE700F554D7 /* Define */ = {
			isa = PBXGroup;
			children = (
				11D75AA41BBD7AF700F554D7 /* Const.h */,
			);
			path = Define;
			sourceTree = "<group>";
		};
		11E157CC1BC8F6D400F2F99A /* CommentInputView */ = {
			isa = PBXGroup;
			children = (
				11E157CD1BC8F6E500F2F99A /* CommentInputView.h */,
				11E157CE1BC8F6E500F2F99A /* CommentInputView.m */,
			);
			path = CommentInputView;
			sourceTree = "<group>";
		};
		11F07FA31BCFA42D0084DAA3 /* Adapter */ = {
			isa = PBXGroup;
			children = (
				11F07FB51BCFA6DE0084DAA3 /* User */,
				11F07FA41BCFA42D0084DAA3 /* DFBaseLineCellAdapter.h */,
				11F07FA51BCFA42D0084DAA3 /* DFBaseLineCellAdapter.m */,
				11F07FA61BCFA42D0084DAA3 /* DFLineCellAdapterManager.h */,
				11F07FA71BCFA42D0084DAA3 /* DFLineCellAdapterManager.m */,
				11F07FA81BCFA42D0084DAA3 /* DFTextImageLineCellAdapter.h */,
				11F07FA91BCFA42D0084DAA3 /* DFTextImageLineCellAdapter.m */,
			);
			path = Adapter;
			sourceTree = "<group>";
		};
		11F07FB11BCFA6B80084DAA3 /* User */ = {
			isa = PBXGroup;
			children = (
				11F07FB21BCFA6B80084DAA3 /* DFBaseUserLineItem.h */,
				11F07FB31BCFA6B80084DAA3 /* DFBaseUserLineItem.m */,
				11F07FC01BCFA84C0084DAA3 /* DFTextImageUserLineItem.h */,
				11F07FC11BCFA84C0084DAA3 /* DFTextImageUserLineItem.m */,
			);
			path = User;
			sourceTree = "<group>";
		};
		11F07FB51BCFA6DE0084DAA3 /* User */ = {
			isa = PBXGroup;
			children = (
				11F07FB61BCFA6DE0084DAA3 /* DFBaseUserLineCellAdapter.h */,
				11F07FB71BCFA6DE0084DAA3 /* DFBaseUserLineCellAdapter.m */,
				11F07FC31BCFA8BF0084DAA3 /* DFTextImageUserLineCellAdapter.h */,
				11F07FC41BCFA8BF0084DAA3 /* DFTextImageUserLineCellAdapter.m */,
				11F07FC61BCFA98E0084DAA3 /* DFUserLineCellAdapterManager.h */,
				11F07FC71BCFA98E0084DAA3 /* DFUserLineCellAdapterManager.m */,
			);
			path = User;
			sourceTree = "<group>";
		};
		11F07FB91BCFA6FE0084DAA3 /* User */ = {
			isa = PBXGroup;
			children = (
				11F07FBA1BCFA7290084DAA3 /* DFBaseUserLineCell.h */,
				11F07FBB1BCFA7290084DAA3 /* DFBaseUserLineCell.m */,
				11F07FBD1BCFA7D10084DAA3 /* DFTextImageUserLineCell.h */,
				11F07FBE1BCFA7D10084DAA3 /* DFTextImageUserLineCell.m */,
			);
			path = User;
			sourceTree = "<group>";
		};
		80C4F7CEF958C1F2DD0212BC /* Pods */ = {
			isa = PBXGroup;
			children = (
				22443A8775E23D18891FEAC9 /* Pods.debug.xcconfig */,
				A2A89A39EA353891C22903B7 /* Pods.release.xcconfig */,
			);
			name = Pods;
			sourceTree = "<group>";
		};
/* End PBXGroup section */

/* Begin PBXNativeTarget section */
		11D7581F1BB7D43B00F554D7 /* DFTimelineView */ = {
			isa = PBXNativeTarget;
			buildConfigurationList = 11D758431BB7D43B00F554D7 /* Build configuration list for PBXNativeTarget "DFTimelineView" */;
			buildPhases = (
				CECD82DF1D64CDDB82FD3095 /* Check Pods Manifest.lock */,
				11D7581C1BB7D43B00F554D7 /* Sources */,
				11D7581D1BB7D43B00F554D7 /* Frameworks */,
				11D7581E1BB7D43B00F554D7 /* Resources */,
				6A1052A6E20C121109657E9F /* Embed Pods Frameworks */,
				0ACED8F3A15A266D50EC8E68 /* Copy Pods Resources */,
			);
			buildRules = (
			);
			dependencies = (
			);
			name = DFTimelineView;
			productName = DFTimelineView;
			productReference = 11D758201BB7D43B00F554D7 /* DFTimelineView.app */;
			productType = "com.apple.product-type.application";
		};
/* End PBXNativeTarget section */

/* Begin PBXProject section */
		11D758181BB7D43B00F554D7 /* Project object */ = {
			isa = PBXProject;
			attributes = {
				LastUpgradeCheck = 0640;
				ORGANIZATIONNAME = "Datafans, Inc.";
				TargetAttributes = {
					11D7581F1BB7D43B00F554D7 = {
						CreatedOnToolsVersion = 6.4;
					};
				};
			};
			buildConfigurationList = 11D7581B1BB7D43B00F554D7 /* Build configuration list for PBXProject "DFTimelineView" */;
			compatibilityVersion = "Xcode 3.2";
			developmentRegion = English;
			hasScannedForEncodings = 0;
			knownRegions = (
				en,
				Base,
			);
			mainGroup = 11D758171BB7D43B00F554D7;
			productRefGroup = 11D758211BB7D43B00F554D7 /* Products */;
			projectDirPath = "";
			projectRoot = "";
			targets = (
				11D7581F1BB7D43B00F554D7 /* DFTimelineView */,
			);
		};
/* End PBXProject section */

/* Begin PBXResourcesBuildPhase section */
		11D7581E1BB7D43B00F554D7 /* Resources */ = {
			isa = PBXResourcesBuildPhase;
			buildActionMask = 2147483647;
			files = (
				11D758EE1BB8E6C300F554D7 /* Like@2x.png in Resources */,
				11D758EA1BB8E6C300F554D7 /* AlbumOperateMore@2x.png in Resources */,
				11D7590B1BBACC2700F554D7 /* AlbumComment@2x.png in Resources */,
				11D758311BB7D43B00F554D7 /* Images.xcassets in Resources */,
				11D7590E1BBACC2700F554D7 /* AlbumLike@3x.png in Resources */,
				11D7590F1BBACC2700F554D7 /* AlbumOperateMoreViewBkg@2x.png in Resources */,
				11D758F31BB8EA5E00F554D7 /* LikeCmtBg@3x.png in Resources */,
				11D758F21BB8EA5E00F554D7 /* LikeCmtBg@2x.png in Resources */,
				11D758EC1BB8E6C300F554D7 /* AlbumOperateMoreHL@2x.png in Resources */,
				11D758EB1BB8E6C300F554D7 /* AlbumOperateMore@3x.png in Resources */,
				11D7590D1BBACC2700F554D7 /* AlbumLike@2x.png in Resources */,
				11D758EF1BB8E6C300F554D7 /* Like@3x.png in Resources */,
				11D758ED1BB8E6C300F554D7 /* AlbumOperateMoreHL@3x.png in Resources */,
				11D7590C1BBACC2700F554D7 /* AlbumComment@3x.png in Resources */,
			);
			runOnlyForDeploymentPostprocessing = 0;
		};
/* End PBXResourcesBuildPhase section */

/* Begin PBXShellScriptBuildPhase section */
		0ACED8F3A15A266D50EC8E68 /* Copy Pods Resources */ = {
			isa = PBXShellScriptBuildPhase;
			buildActionMask = 2147483647;
			files = (
			);
			inputPaths = (
			);
			name = "Copy Pods Resources";
			outputPaths = (
			);
			runOnlyForDeploymentPostprocessing = 0;
			shellPath = /bin/sh;
			shellScript = "\"${SRCROOT}/Pods/Target Support Files/Pods/Pods-resources.sh\"\n";
			showEnvVarsInLog = 0;
		};
		6A1052A6E20C121109657E9F /* Embed Pods Frameworks */ = {
			isa = PBXShellScriptBuildPhase;
			buildActionMask = 2147483647;
			files = (
			);
			inputPaths = (
			);
			name = "Embed Pods Frameworks";
			outputPaths = (
			);
			runOnlyForDeploymentPostprocessing = 0;
			shellPath = /bin/sh;
			shellScript = "\"${SRCROOT}/Pods/Target Support Files/Pods/Pods-frameworks.sh\"\n";
			showEnvVarsInLog = 0;
		};
		CECD82DF1D64CDDB82FD3095 /* Check Pods Manifest.lock */ = {
			isa = PBXShellScriptBuildPhase;
			buildActionMask = 2147483647;
			files = (
			);
			inputPaths = (
			);
			name = "Check Pods Manifest.lock";
			outputPaths = (
			);
			runOnlyForDeploymentPostprocessing = 0;
			shellPath = /bin/sh;
			shellScript = "diff \"${PODS_ROOT}/../Podfile.lock\" \"${PODS_ROOT}/Manifest.lock\" > /dev/null\nif [[ $? != 0 ]] ; then\n    cat << EOM\nerror: The sandbox is not in sync with the Podfile.lock. Run 'pod install' or update your CocoaPods installation.\nEOM\n    exit 1\nfi\n";
			showEnvVarsInLog = 0;
		};
/* End PBXShellScriptBuildPhase section */

/* Begin PBXSourcesBuildPhase section */
		11D7581C1BB7D43B00F554D7 /* Sources */ = {
			isa = PBXSourcesBuildPhase;
			buildActionMask = 2147483647;
			files = (
				11F07FC81BCFA98E0084DAA3 /* DFUserLineCellAdapterManager.m in Sources */,
				11F07FC21BCFA84C0084DAA3 /* DFTextImageUserLineItem.m in Sources */,
				11F07FBF1BCFA7D10084DAA3 /* DFTextImageUserLineCell.m in Sources */,
				11D7582C1BB7D43B00F554D7 /* ViewController.m in Sources */,
				11D758C71BB8216C00F554D7 /* DFGridImageView.m in Sources */,
				11F07FC51BCFA8BF0084DAA3 /* DFTextImageUserLineCellAdapter.m in Sources */,
				11F07FAC1BCFA42D0084DAA3 /* DFTextImageLineCellAdapter.m in Sources */,
				11D758661BB7E12800F554D7 /* DFTextImageLineItem.m in Sources */,
				11D758601BB7DCF700F554D7 /* DFTextImageLineCell.m in Sources */,
				11F07FBC1BCFA7290084DAA3 /* DFBaseUserLineCell.m in Sources */,
				11D758291BB7D43B00F554D7 /* AppDelegate.m in Sources */,
				11D758CA1BB8385100F554D7 /* DFImageUnitView.m in Sources */,
				11F07F9E1BCF9BBE0084DAA3 /* DFBaseTimeLineViewController.m in Sources */,
				11F07FB81BCFA6DE0084DAA3 /* DFBaseUserLineCellAdapter.m in Sources */,
				11F07FAB1BCFA42D0084DAA3 /* DFLineCellAdapterManager.m in Sources */,
				11D758261BB7D43B00F554D7 /* main.m in Sources */,
				11E157981BC0293900F2F99A /* DFFaceManager.m in Sources */,
				11D758FB1BBA8C4C00F554D7 /* DFLineLikeItem.m in Sources */,
				11F07F951BCF93970084DAA3 /* DFUserTimeLineViewController.m in Sources */,
				110D424D1BCF54CA00081824 /* MLClickColorLinkLabel.m in Sources */,
				11D759051BBAC8DD00F554D7 /* DFLikeCommentToolbar.m in Sources */,
				11D7584D1BB7D66300F554D7 /* DFBaseLineItem.m in Sources */,
				11D758F71BB8F36C00F554D7 /* DFLikeCommentView.m in Sources */,
				11E157CF1BC8F6E500F2F99A /* CommentInputView.m in Sources */,
				11F07F9B1BCF95E40084DAA3 /* UserTimelineViewController.m in Sources */,
				11F07FAA1BCFA42D0084DAA3 /* DFBaseLineCellAdapter.m in Sources */,
				11D758521BB7D85D00F554D7 /* DFBaseLineCell.m in Sources */,
				11F07FB41BCFA6B80084DAA3 /* DFBaseUserLineItem.m in Sources */,
				11D758571BB7DACC00F554D7 /* DFTimeLineViewController.m in Sources */,
				11D758FE1BBA8C5D00F554D7 /* DFLineCommentItem.m in Sources */,
			);
			runOnlyForDeploymentPostprocessing = 0;
		};
/* End PBXSourcesBuildPhase section */

/* Begin XCBuildConfiguration section */
		11D758411BB7D43B00F554D7 /* Debug */ = {
			isa = XCBuildConfiguration;
			buildSettings = {
				ALWAYS_SEARCH_USER_PATHS = NO;
				CLANG_CXX_LANGUAGE_STANDARD = "gnu++0x";
				CLANG_CXX_LIBRARY = "libc++";
				CLANG_ENABLE_MODULES = YES;
				CLANG_ENABLE_OBJC_ARC = YES;
				CLANG_WARN_BOOL_CONVERSION = YES;
				CLANG_WARN_CONSTANT_CONVERSION = YES;
				CLANG_WARN_DIRECT_OBJC_ISA_USAGE = YES_ERROR;
				CLANG_WARN_EMPTY_BODY = YES;
				CLANG_WARN_ENUM_CONVERSION = YES;
				CLANG_WARN_INT_CONVERSION = YES;
				CLANG_WARN_OBJC_ROOT_CLASS = YES_ERROR;
				CLANG_WARN_UNREACHABLE_CODE = YES;
				CLANG_WARN__DUPLICATE_METHOD_MATCH = YES;
				"CODE_SIGN_IDENTITY[sdk=iphoneos*]" = "iPhone Developer";
				COPY_PHASE_STRIP = NO;
				DEBUG_INFORMATION_FORMAT = "dwarf-with-dsym";
				ENABLE_STRICT_OBJC_MSGSEND = YES;
				GCC_C_LANGUAGE_STANDARD = gnu99;
				GCC_DYNAMIC_NO_PIC = NO;
				GCC_NO_COMMON_BLOCKS = YES;
				GCC_OPTIMIZATION_LEVEL = 0;
				GCC_PREPROCESSOR_DEFINITIONS = (
					"DEBUG=1",
					"$(inherited)",
				);
				GCC_SYMBOLS_PRIVATE_EXTERN = NO;
				GCC_WARN_64_TO_32_BIT_CONVERSION = YES;
				GCC_WARN_ABOUT_RETURN_TYPE = YES_ERROR;
				GCC_WARN_UNDECLARED_SELECTOR = YES;
				GCC_WARN_UNINITIALIZED_AUTOS = YES_AGGRESSIVE;
				GCC_WARN_UNUSED_FUNCTION = YES;
				GCC_WARN_UNUSED_VARIABLE = YES;
				IPHONEOS_DEPLOYMENT_TARGET = 8.4;
				MTL_ENABLE_DEBUG_INFO = YES;
				ONLY_ACTIVE_ARCH = YES;
				SDKROOT = iphoneos;
			};
			name = Debug;
		};
		11D758421BB7D43B00F554D7 /* Release */ = {
			isa = XCBuildConfiguration;
			buildSettings = {
				ALWAYS_SEARCH_USER_PATHS = NO;
				CLANG_CXX_LANGUAGE_STANDARD = "gnu++0x";
				CLANG_CXX_LIBRARY = "libc++";
				CLANG_ENABLE_MODULES = YES;
				CLANG_ENABLE_OBJC_ARC = YES;
				CLANG_WARN_BOOL_CONVERSION = YES;
				CLANG_WARN_CONSTANT_CONVERSION = YES;
				CLANG_WARN_DIRECT_OBJC_ISA_USAGE = YES_ERROR;
				CLANG_WARN_EMPTY_BODY = YES;
				CLANG_WARN_ENUM_CONVERSION = YES;
				CLANG_WARN_INT_CONVERSION = YES;
				CLANG_WARN_OBJC_ROOT_CLASS = YES_ERROR;
				CLANG_WARN_UNREACHABLE_CODE = YES;
				CLANG_WARN__DUPLICATE_METHOD_MATCH = YES;
				"CODE_SIGN_IDENTITY[sdk=iphoneos*]" = "iPhone Developer";
				COPY_PHASE_STRIP = NO;
				DEBUG_INFORMATION_FORMAT = "dwarf-with-dsym";
				ENABLE_NS_ASSERTIONS = NO;
				ENABLE_STRICT_OBJC_MSGSEND = YES;
				GCC_C_LANGUAGE_STANDARD = gnu99;
				GCC_NO_COMMON_BLOCKS = YES;
				GCC_WARN_64_TO_32_BIT_CONVERSION = YES;
				GCC_WARN_ABOUT_RETURN_TYPE = YES_ERROR;
				GCC_WARN_UNDECLARED_SELECTOR = YES;
				GCC_WARN_UNINITIALIZED_AUTOS = YES_AGGRESSIVE;
				GCC_WARN_UNUSED_FUNCTION = YES;
				GCC_WARN_UNUSED_VARIABLE = YES;
				IPHONEOS_DEPLOYMENT_TARGET = 8.4;
				MTL_ENABLE_DEBUG_INFO = NO;
				SDKROOT = iphoneos;
				VALIDATE_PRODUCT = YES;
			};
			name = Release;
		};
		11D758441BB7D43B00F554D7 /* Debug */ = {
			isa = XCBuildConfiguration;
			baseConfigurationReference = 22443A8775E23D18891FEAC9 /* Pods.debug.xcconfig */;
			buildSettings = {
				ASSETCATALOG_COMPILER_APPICON_NAME = AppIcon;
				ASSETCATALOG_COMPILER_LAUNCHIMAGE_NAME = LaunchImage;
				GCC_PREFIX_HEADER = DFTimelineView/prefix.pch;
				INFOPLIST_FILE = DFTimelineView/Info.plist;
				IPHONEOS_DEPLOYMENT_TARGET = 7.0;
				LD_RUNPATH_SEARCH_PATHS = "$(inherited) @executable_path/Frameworks";
				PRODUCT_NAME = "$(TARGET_NAME)";
			};
			name = Debug;
		};
		11D758451BB7D43B00F554D7 /* Release */ = {
			isa = XCBuildConfiguration;
			baseConfigurationReference = A2A89A39EA353891C22903B7 /* Pods.release.xcconfig */;
			buildSettings = {
				ASSETCATALOG_COMPILER_APPICON_NAME = AppIcon;
				ASSETCATALOG_COMPILER_LAUNCHIMAGE_NAME = LaunchImage;
				GCC_PREFIX_HEADER = DFTimelineView/prefix.pch;
				INFOPLIST_FILE = DFTimelineView/Info.plist;
				IPHONEOS_DEPLOYMENT_TARGET = 7.0;
				LD_RUNPATH_SEARCH_PATHS = "$(inherited) @executable_path/Frameworks";
				PRODUCT_NAME = "$(TARGET_NAME)";
			};
			name = Release;
		};
/* End XCBuildConfiguration section */

/* Begin XCConfigurationList section */
		11D7581B1BB7D43B00F554D7 /* Build configuration list for PBXProject "DFTimelineView" */ = {
			isa = XCConfigurationList;
			buildConfigurations = (
				11D758411BB7D43B00F554D7 /* Debug */,
				11D758421BB7D43B00F554D7 /* Release */,
			);
			defaultConfigurationIsVisible = 0;
			defaultConfigurationName = Release;
		};
		11D758431BB7D43B00F554D7 /* Build configuration list for PBXNativeTarget "DFTimelineView" */ = {
			isa = XCConfigurationList;
			buildConfigurations = (
				11D758441BB7D43B00F554D7 /* Debug */,
				11D758451BB7D43B00F554D7 /* Release */,
			);
			defaultConfigurationIsVisible = 0;
			defaultConfigurationName = Release;
		};
/* End XCConfigurationList section */
	};
	rootObject = 11D758181BB7D43B00F554D7 /* Project object */;
}
